// !$*UTF8*$!
{
	archiveVersion = 1;
	classes = {
	};
	objectVersion = 56;
	objects = {

/* Begin PBXBuildFile section */
		441855E82A9F740F002FFC47 /* RemoteImage.swift in Sources */ = {isa = PBXBuildFile; fileRef = 441855E72A9F740F002FFC47 /* RemoteImage.swift */; };
		441A29CE2A9CF18800E69ABB /* HomeView.swift in Sources */ = {isa = PBXBuildFile; fileRef = 441A29CB2A9CF18800E69ABB /* HomeView.swift */; };
		441A29CF2A9CF18800E69ABB /* HomeViewModel.swift in Sources */ = {isa = PBXBuildFile; fileRef = 441A29CC2A9CF18800E69ABB /* HomeViewModel.swift */; };
		441A29D02A9CF18800E69ABB /* HomeFlowCoordinator.swift in Sources */ = {isa = PBXBuildFile; fileRef = 441A29CD2A9CF18800E69ABB /* HomeFlowCoordinator.swift */; };
		441A29D32A9CF6CB00E69ABB /* IdentifiedCollections in Frameworks */ = {isa = PBXBuildFile; productRef = 441A29D22A9CF6CB00E69ABB /* IdentifiedCollections */; };
		441A29D52A9CF7D600E69ABB /* Isolated.swift in Sources */ = {isa = PBXBuildFile; fileRef = 441A29D42A9CF7D600E69ABB /* Isolated.swift */; };
		441A29D72A9CFD2900E69ABB /* ErrorViewModifier.swift in Sources */ = {isa = PBXBuildFile; fileRef = 441A29D62A9CFD2900E69ABB /* ErrorViewModifier.swift */; };
		441A29D92A9DFAB100E69ABB /* ApiClient.swift in Sources */ = {isa = PBXBuildFile; fileRef = 441A29D82A9DFAB100E69ABB /* ApiClient.swift */; };
		441A29DB2A9DFB8900E69ABB /* TokenStorage.swift in Sources */ = {isa = PBXBuildFile; fileRef = 441A29DA2A9DFB8900E69ABB /* TokenStorage.swift */; };
		441A29DD2A9DFBC400E69ABB /* AuthToken.swift in Sources */ = {isa = PBXBuildFile; fileRef = 441A29DC2A9DFBC400E69ABB /* AuthToken.swift */; };
		441A29DF2A9DFBF100E69ABB /* JSONCoders.swift in Sources */ = {isa = PBXBuildFile; fileRef = 441A29DE2A9DFBF100E69ABB /* JSONCoders.swift */; };
		441A29E12A9DFF3F00E69ABB /* HTTPClient.swift in Sources */ = {isa = PBXBuildFile; fileRef = 441A29E02A9DFF3F00E69ABB /* HTTPClient.swift */; };
		441A29E32A9DFFE000E69ABB /* AuthSession.swift in Sources */ = {isa = PBXBuildFile; fileRef = 441A29E22A9DFFE000E69ABB /* AuthSession.swift */; };
		441A29E62A9F010400E69ABB /* FileEntry.swift in Sources */ = {isa = PBXBuildFile; fileRef = 441A29E52A9F010400E69ABB /* FileEntry.swift */; };
		449B2E0F2AA0506B00CD42A9 /* DataCacheMock.swift in Sources */ = {isa = PBXBuildFile; fileRef = 449B2E0E2AA0506B00CD42A9 /* DataCacheMock.swift */; };
		449B2E112AA0529300CD42A9 /* ApiClientMock.swift in Sources */ = {isa = PBXBuildFile; fileRef = 449B2E102AA0529300CD42A9 /* ApiClientMock.swift */; };
		449B2E132AA053C700CD42A9 /* AuthClientMock.swift in Sources */ = {isa = PBXBuildFile; fileRef = 449B2E122AA053C700CD42A9 /* AuthClientMock.swift */; };
		449B2E152AA053E900CD42A9 /* FileEntryRepositoryMock.swift in Sources */ = {isa = PBXBuildFile; fileRef = 449B2E142AA053E900CD42A9 /* FileEntryRepositoryMock.swift */; };
		449B2E172AA0546E00CD42A9 /* ContentClientMock.swift in Sources */ = {isa = PBXBuildFile; fileRef = 449B2E162AA0546E00CD42A9 /* ContentClientMock.swift */; };
		449B2E192AA054D300CD42A9 /* DetailsViewModelTests.swift in Sources */ = {isa = PBXBuildFile; fileRef = 449B2E182AA054D300CD42A9 /* DetailsViewModelTests.swift */; };
		449B2E1B2AA05A2400CD42A9 /* RemoteVideo.swift in Sources */ = {isa = PBXBuildFile; fileRef = 449B2E1A2AA05A2400CD42A9 /* RemoteVideo.swift */; };
		449B2E1E2AA05D8200CD42A9 /* HomeViewModelTests.swift in Sources */ = {isa = PBXBuildFile; fileRef = 449B2E1D2AA05D8200CD42A9 /* HomeViewModelTests.swift */; };
		44E0287B2A9F25C1004126B6 /* DataCache.swift in Sources */ = {isa = PBXBuildFile; fileRef = 44E0287A2A9F25C1004126B6 /* DataCache.swift */; };
		44E0287E2A9F2757004126B6 /* String+md5.swift in Sources */ = {isa = PBXBuildFile; fileRef = 44E0287D2A9F2757004126B6 /* String+md5.swift */; };
		44E028802A9F4001004126B6 /* Encodable+JsonString.swift in Sources */ = {isa = PBXBuildFile; fileRef = 44E0287F2A9F4001004126B6 /* Encodable+JsonString.swift */; };
		44E028822A9F41DC004126B6 /* ContentClient.swift in Sources */ = {isa = PBXBuildFile; fileRef = 44E028812A9F41DC004126B6 /* ContentClient.swift */; };
		44E028872A9F5F58004126B6 /* DetailsView.swift in Sources */ = {isa = PBXBuildFile; fileRef = 44E028842A9F5F58004126B6 /* DetailsView.swift */; };
		44E028882A9F5F58004126B6 /* DetailsViewModel.swift in Sources */ = {isa = PBXBuildFile; fileRef = 44E028852A9F5F58004126B6 /* DetailsViewModel.swift */; };
		44E028892A9F5F58004126B6 /* DetailsFlowCoordinator.swift in Sources */ = {isa = PBXBuildFile; fileRef = 44E028862A9F5F58004126B6 /* DetailsFlowCoordinator.swift */; };
		44E5EF382A9BB28C002F096B /* DropBoxOauthViewController.swift in Sources */ = {isa = PBXBuildFile; fileRef = 44E5EF362A9BB28C002F096B /* DropBoxOauthViewController.swift */; };
		44E5EF392A9BB28C002F096B /* DropBoxOauthViewModel.swift in Sources */ = {isa = PBXBuildFile; fileRef = 44E5EF372A9BB28C002F096B /* DropBoxOauthViewModel.swift */; };
		44E5EF3B2A9BB385002F096B /* ErrorPresentable.swift in Sources */ = {isa = PBXBuildFile; fileRef = 44E5EF3A2A9BB385002F096B /* ErrorPresentable.swift */; };
		44FD4BD52A9B4058002DC476 /* Assets.xcassets in Resources */ = {isa = PBXBuildFile; fileRef = 44FD4BD42A9B4058002DC476 /* Assets.xcassets */; };
		44FD4BD92A9B4058002DC476 /* Preview Assets.xcassets in Resources */ = {isa = PBXBuildFile; fileRef = 44FD4BD82A9B4058002DC476 /* Preview Assets.xcassets */; };
		44FD4BE32A9B4058002DC476 /* MediaViewerTests.swift in Sources */ = {isa = PBXBuildFile; fileRef = 44FD4BE22A9B4058002DC476 /* MediaViewerTests.swift */; };
		44FD4BED2A9B4058002DC476 /* MediaViewerUITests.swift in Sources */ = {isa = PBXBuildFile; fileRef = 44FD4BEC2A9B4058002DC476 /* MediaViewerUITests.swift */; };
		44FD4BEF2A9B4058002DC476 /* MediaViewerUITestsLaunchTests.swift in Sources */ = {isa = PBXBuildFile; fileRef = 44FD4BEE2A9B4058002DC476 /* MediaViewerUITestsLaunchTests.swift */; };
		44FD4BFC2A9B421F002DC476 /* AppDelegate.swift in Sources */ = {isa = PBXBuildFile; fileRef = 44FD4BFB2A9B421F002DC476 /* AppDelegate.swift */; };
		44FD4BFE2A9B424E002DC476 /* SceneDelegate.swift in Sources */ = {isa = PBXBuildFile; fileRef = 44FD4BFD2A9B424E002DC476 /* SceneDelegate.swift */; };
		44FD4C002A9B427A002DC476 /* ApplicationController.swift in Sources */ = {isa = PBXBuildFile; fileRef = 44FD4BFF2A9B427A002DC476 /* ApplicationController.swift */; };
		44FD4C042A9B434F002DC476 /* StartFlowCoordinator.swift in Sources */ = {isa = PBXBuildFile; fileRef = 44FD4C032A9B434F002DC476 /* StartFlowCoordinator.swift */; };
		44FD4C0F2A9B48A3002DC476 /* Dependencies in Frameworks */ = {isa = PBXBuildFile; productRef = 44FD4C0E2A9B48A3002DC476 /* Dependencies */; };
		44FD4C122A9B497C002DC476 /* KeychainAccess in Frameworks */ = {isa = PBXBuildFile; productRef = 44FD4C112A9B497C002DC476 /* KeychainAccess */; };
		44FD4C182A9B4A3E002DC476 /* SignInView.swift in Sources */ = {isa = PBXBuildFile; fileRef = 44FD4C152A9B4A3E002DC476 /* SignInView.swift */; };
		44FD4C192A9B4A3E002DC476 /* SignInViewModel.swift in Sources */ = {isa = PBXBuildFile; fileRef = 44FD4C162A9B4A3E002DC476 /* SignInViewModel.swift */; };
		44FD4C1A2A9B4A3E002DC476 /* SignInFlowCoordinator.swift in Sources */ = {isa = PBXBuildFile; fileRef = 44FD4C172A9B4A3E002DC476 /* SignInFlowCoordinator.swift */; };
		44FD4C1D2A9B4D15002DC476 /* AsyncButton.swift in Sources */ = {isa = PBXBuildFile; fileRef = 44FD4C1C2A9B4D15002DC476 /* AsyncButton.swift */; };
		44FD4C1F2A9B5BF6002DC476 /* AppEnv.swift in Sources */ = {isa = PBXBuildFile; fileRef = 44FD4C1E2A9B5BF6002DC476 /* AppEnv.swift */; };
		44FD4C212A9B5C40002DC476 /* AuthClient.swift in Sources */ = {isa = PBXBuildFile; fileRef = 44FD4C202A9B5C40002DC476 /* AuthClient.swift */; };
		44FD4C232A9B5C6E002DC476 /* FileEntryRepository.swift in Sources */ = {isa = PBXBuildFile; fileRef = 44FD4C222A9B5C6E002DC476 /* FileEntryRepository.swift */; };
/* End PBXBuildFile section */

/* Begin PBXContainerItemProxy section */
		44FD4BDF2A9B4058002DC476 /* PBXContainerItemProxy */ = {
			isa = PBXContainerItemProxy;
			containerPortal = 44FD4BC52A9B4055002DC476 /* Project object */;
			proxyType = 1;
			remoteGlobalIDString = 44FD4BCC2A9B4055002DC476;
			remoteInfo = MediaViewer;
		};
		44FD4BE92A9B4058002DC476 /* PBXContainerItemProxy */ = {
			isa = PBXContainerItemProxy;
			containerPortal = 44FD4BC52A9B4055002DC476 /* Project object */;
			proxyType = 1;
			remoteGlobalIDString = 44FD4BCC2A9B4055002DC476;
			remoteInfo = MediaViewer;
		};
/* End PBXContainerItemProxy section */

/* Begin PBXFileReference section */
		441855E72A9F740F002FFC47 /* RemoteImage.swift */ = {isa = PBXFileReference; lastKnownFileType = sourcecode.swift; path = RemoteImage.swift; sourceTree = "<group>"; };
		441A29CB2A9CF18800E69ABB /* HomeView.swift */ = {isa = PBXFileReference; lastKnownFileType = sourcecode.swift; path = HomeView.swift; sourceTree = "<group>"; };
		441A29CC2A9CF18800E69ABB /* HomeViewModel.swift */ = {isa = PBXFileReference; lastKnownFileType = sourcecode.swift; path = HomeViewModel.swift; sourceTree = "<group>"; };
		441A29CD2A9CF18800E69ABB /* HomeFlowCoordinator.swift */ = {isa = PBXFileReference; lastKnownFileType = sourcecode.swift; path = HomeFlowCoordinator.swift; sourceTree = "<group>"; };
		441A29D42A9CF7D600E69ABB /* Isolated.swift */ = {isa = PBXFileReference; lastKnownFileType = sourcecode.swift; path = Isolated.swift; sourceTree = "<group>"; };
		441A29D62A9CFD2900E69ABB /* ErrorViewModifier.swift */ = {isa = PBXFileReference; lastKnownFileType = sourcecode.swift; path = ErrorViewModifier.swift; sourceTree = "<group>"; };
		441A29D82A9DFAB100E69ABB /* ApiClient.swift */ = {isa = PBXFileReference; lastKnownFileType = sourcecode.swift; path = ApiClient.swift; sourceTree = "<group>"; };
		441A29DA2A9DFB8900E69ABB /* TokenStorage.swift */ = {isa = PBXFileReference; lastKnownFileType = sourcecode.swift; path = TokenStorage.swift; sourceTree = "<group>"; };
		441A29DC2A9DFBC400E69ABB /* AuthToken.swift */ = {isa = PBXFileReference; lastKnownFileType = sourcecode.swift; path = AuthToken.swift; sourceTree = "<group>"; };
		441A29DE2A9DFBF100E69ABB /* JSONCoders.swift */ = {isa = PBXFileReference; lastKnownFileType = sourcecode.swift; path = JSONCoders.swift; sourceTree = "<group>"; };
		441A29E02A9DFF3F00E69ABB /* HTTPClient.swift */ = {isa = PBXFileReference; lastKnownFileType = sourcecode.swift; path = HTTPClient.swift; sourceTree = "<group>"; };
		441A29E22A9DFFE000E69ABB /* AuthSession.swift */ = {isa = PBXFileReference; lastKnownFileType = sourcecode.swift; path = AuthSession.swift; sourceTree = "<group>"; };
		441A29E52A9F010400E69ABB /* FileEntry.swift */ = {isa = PBXFileReference; lastKnownFileType = sourcecode.swift; path = FileEntry.swift; sourceTree = "<group>"; };
		449B2E0E2AA0506B00CD42A9 /* DataCacheMock.swift */ = {isa = PBXFileReference; lastKnownFileType = sourcecode.swift; path = DataCacheMock.swift; sourceTree = "<group>"; };
		449B2E102AA0529300CD42A9 /* ApiClientMock.swift */ = {isa = PBXFileReference; lastKnownFileType = sourcecode.swift; path = ApiClientMock.swift; sourceTree = "<group>"; };
		449B2E122AA053C700CD42A9 /* AuthClientMock.swift */ = {isa = PBXFileReference; lastKnownFileType = sourcecode.swift; path = AuthClientMock.swift; sourceTree = "<group>"; };
		449B2E142AA053E900CD42A9 /* FileEntryRepositoryMock.swift */ = {isa = PBXFileReference; lastKnownFileType = sourcecode.swift; path = FileEntryRepositoryMock.swift; sourceTree = "<group>"; };
		449B2E162AA0546E00CD42A9 /* ContentClientMock.swift */ = {isa = PBXFileReference; lastKnownFileType = sourcecode.swift; path = ContentClientMock.swift; sourceTree = "<group>"; };
		449B2E182AA054D300CD42A9 /* DetailsViewModelTests.swift */ = {isa = PBXFileReference; lastKnownFileType = sourcecode.swift; path = DetailsViewModelTests.swift; sourceTree = "<group>"; };
		449B2E1A2AA05A2400CD42A9 /* RemoteVideo.swift */ = {isa = PBXFileReference; lastKnownFileType = sourcecode.swift; path = RemoteVideo.swift; sourceTree = "<group>"; };
		449B2E1C2AA05D2B00CD42A9 /* MediaViewer.xctestplan */ = {isa = PBXFileReference; lastKnownFileType = text; path = MediaViewer.xctestplan; sourceTree = "<group>"; };
		449B2E1D2AA05D8200CD42A9 /* HomeViewModelTests.swift */ = {isa = PBXFileReference; lastKnownFileType = sourcecode.swift; path = HomeViewModelTests.swift; sourceTree = "<group>"; };
		44E0287A2A9F25C1004126B6 /* DataCache.swift */ = {isa = PBXFileReference; lastKnownFileType = sourcecode.swift; path = DataCache.swift; sourceTree = "<group>"; };
		44E0287D2A9F2757004126B6 /* String+md5.swift */ = {isa = PBXFileReference; lastKnownFileType = sourcecode.swift; path = "String+md5.swift"; sourceTree = "<group>"; };
		44E0287F2A9F4001004126B6 /* Encodable+JsonString.swift */ = {isa = PBXFileReference; lastKnownFileType = sourcecode.swift; path = "Encodable+JsonString.swift"; sourceTree = "<group>"; };
		44E028812A9F41DC004126B6 /* ContentClient.swift */ = {isa = PBXFileReference; lastKnownFileType = sourcecode.swift; path = ContentClient.swift; sourceTree = "<group>"; };
		44E028842A9F5F58004126B6 /* DetailsView.swift */ = {isa = PBXFileReference; lastKnownFileType = sourcecode.swift; path = DetailsView.swift; sourceTree = "<group>"; };
		44E028852A9F5F58004126B6 /* DetailsViewModel.swift */ = {isa = PBXFileReference; lastKnownFileType = sourcecode.swift; path = DetailsViewModel.swift; sourceTree = "<group>"; };
		44E028862A9F5F58004126B6 /* DetailsFlowCoordinator.swift */ = {isa = PBXFileReference; lastKnownFileType = sourcecode.swift; path = DetailsFlowCoordinator.swift; sourceTree = "<group>"; };
		44E5EF362A9BB28C002F096B /* DropBoxOauthViewController.swift */ = {isa = PBXFileReference; lastKnownFileType = sourcecode.swift; path = DropBoxOauthViewController.swift; sourceTree = "<group>"; };
		44E5EF372A9BB28C002F096B /* DropBoxOauthViewModel.swift */ = {isa = PBXFileReference; lastKnownFileType = sourcecode.swift; path = DropBoxOauthViewModel.swift; sourceTree = "<group>"; };
		44E5EF3A2A9BB385002F096B /* ErrorPresentable.swift */ = {isa = PBXFileReference; lastKnownFileType = sourcecode.swift; path = ErrorPresentable.swift; sourceTree = "<group>"; };
		44FD4BCD2A9B4055002DC476 /* MediaViewer.app */ = {isa = PBXFileReference; explicitFileType = wrapper.application; includeInIndex = 0; path = MediaViewer.app; sourceTree = BUILT_PRODUCTS_DIR; };
		44FD4BD42A9B4058002DC476 /* Assets.xcassets */ = {isa = PBXFileReference; lastKnownFileType = folder.assetcatalog; path = Assets.xcassets; sourceTree = "<group>"; };
		44FD4BD62A9B4058002DC476 /* MediaViewer.entitlements */ = {isa = PBXFileReference; lastKnownFileType = text.plist.entitlements; path = MediaViewer.entitlements; sourceTree = "<group>"; };
		44FD4BD82A9B4058002DC476 /* Preview Assets.xcassets */ = {isa = PBXFileReference; lastKnownFileType = folder.assetcatalog; path = "Preview Assets.xcassets"; sourceTree = "<group>"; };
		44FD4BDE2A9B4058002DC476 /* MediaViewerTests.xctest */ = {isa = PBXFileReference; explicitFileType = wrapper.cfbundle; includeInIndex = 0; path = MediaViewerTests.xctest; sourceTree = BUILT_PRODUCTS_DIR; };
		44FD4BE22A9B4058002DC476 /* MediaViewerTests.swift */ = {isa = PBXFileReference; lastKnownFileType = sourcecode.swift; path = MediaViewerTests.swift; sourceTree = "<group>"; };
		44FD4BE82A9B4058002DC476 /* MediaViewerUITests.xctest */ = {isa = PBXFileReference; explicitFileType = wrapper.cfbundle; includeInIndex = 0; path = MediaViewerUITests.xctest; sourceTree = BUILT_PRODUCTS_DIR; };
		44FD4BEC2A9B4058002DC476 /* MediaViewerUITests.swift */ = {isa = PBXFileReference; lastKnownFileType = sourcecode.swift; path = MediaViewerUITests.swift; sourceTree = "<group>"; };
		44FD4BEE2A9B4058002DC476 /* MediaViewerUITestsLaunchTests.swift */ = {isa = PBXFileReference; lastKnownFileType = sourcecode.swift; path = MediaViewerUITestsLaunchTests.swift; sourceTree = "<group>"; };
		44FD4BFB2A9B421F002DC476 /* AppDelegate.swift */ = {isa = PBXFileReference; lastKnownFileType = sourcecode.swift; path = AppDelegate.swift; sourceTree = "<group>"; };
		44FD4BFD2A9B424E002DC476 /* SceneDelegate.swift */ = {isa = PBXFileReference; lastKnownFileType = sourcecode.swift; path = SceneDelegate.swift; sourceTree = "<group>"; };
		44FD4BFF2A9B427A002DC476 /* ApplicationController.swift */ = {isa = PBXFileReference; lastKnownFileType = sourcecode.swift; path = ApplicationController.swift; sourceTree = "<group>"; };
		44FD4C032A9B434F002DC476 /* StartFlowCoordinator.swift */ = {isa = PBXFileReference; lastKnownFileType = sourcecode.swift; path = StartFlowCoordinator.swift; sourceTree = "<group>"; };
		44FD4C052A9B4513002DC476 /* Info.plist */ = {isa = PBXFileReference; lastKnownFileType = text.plist; path = Info.plist; sourceTree = "<group>"; };
		44FD4C152A9B4A3E002DC476 /* SignInView.swift */ = {isa = PBXFileReference; lastKnownFileType = sourcecode.swift; path = SignInView.swift; sourceTree = "<group>"; };
		44FD4C162A9B4A3E002DC476 /* SignInViewModel.swift */ = {isa = PBXFileReference; lastKnownFileType = sourcecode.swift; path = SignInViewModel.swift; sourceTree = "<group>"; };
		44FD4C172A9B4A3E002DC476 /* SignInFlowCoordinator.swift */ = {isa = PBXFileReference; lastKnownFileType = sourcecode.swift; path = SignInFlowCoordinator.swift; sourceTree = "<group>"; };
		44FD4C1C2A9B4D15002DC476 /* AsyncButton.swift */ = {isa = PBXFileReference; lastKnownFileType = sourcecode.swift; path = AsyncButton.swift; sourceTree = "<group>"; };
		44FD4C1E2A9B5BF6002DC476 /* AppEnv.swift */ = {isa = PBXFileReference; lastKnownFileType = sourcecode.swift; path = AppEnv.swift; sourceTree = "<group>"; };
		44FD4C202A9B5C40002DC476 /* AuthClient.swift */ = {isa = PBXFileReference; lastKnownFileType = sourcecode.swift; path = AuthClient.swift; sourceTree = "<group>"; };
		44FD4C222A9B5C6E002DC476 /* FileEntryRepository.swift */ = {isa = PBXFileReference; lastKnownFileType = sourcecode.swift; path = FileEntryRepository.swift; sourceTree = "<group>"; };
/* End PBXFileReference section */

/* Begin PBXFrameworksBuildPhase section */
		44FD4BCA2A9B4055002DC476 /* Frameworks */ = {
			isa = PBXFrameworksBuildPhase;
			buildActionMask = 2147483647;
			files = (
				441A29D32A9CF6CB00E69ABB /* IdentifiedCollections in Frameworks */,
				44FD4C122A9B497C002DC476 /* KeychainAccess in Frameworks */,
				44FD4C0F2A9B48A3002DC476 /* Dependencies in Frameworks */,
			);
			runOnlyForDeploymentPostprocessing = 0;
		};
		44FD4BDB2A9B4058002DC476 /* Frameworks */ = {
			isa = PBXFrameworksBuildPhase;
			buildActionMask = 2147483647;
			files = (
			);
			runOnlyForDeploymentPostprocessing = 0;
		};
		44FD4BE52A9B4058002DC476 /* Frameworks */ = {
			isa = PBXFrameworksBuildPhase;
			buildActionMask = 2147483647;
			files = (
			);
			runOnlyForDeploymentPostprocessing = 0;
		};
/* End PBXFrameworksBuildPhase section */

/* Begin PBXGroup section */
		441855E62A9F73E4002FFC47 /* SharedViews */ = {
			isa = PBXGroup;
			children = (
				441855E72A9F740F002FFC47 /* RemoteImage.swift */,
				449B2E1A2AA05A2400CD42A9 /* RemoteVideo.swift */,
			);
			path = SharedViews;
			sourceTree = "<group>";
		};
		441A29CA2A9CF16F00E69ABB /* Home */ = {
			isa = PBXGroup;
			children = (
				441A29CB2A9CF18800E69ABB /* HomeView.swift */,
				441A29CC2A9CF18800E69ABB /* HomeViewModel.swift */,
				449B2E1D2AA05D8200CD42A9 /* HomeViewModelTests.swift */,
				441A29CD2A9CF18800E69ABB /* HomeFlowCoordinator.swift */,
			);
			path = Home;
			sourceTree = "<group>";
		};
		441A29E42A9E0ACE00E69ABB /* ApiClient */ = {
			isa = PBXGroup;
			children = (
				441A29D82A9DFAB100E69ABB /* ApiClient.swift */,
				449B2E102AA0529300CD42A9 /* ApiClientMock.swift */,
				441A29E22A9DFFE000E69ABB /* AuthSession.swift */,
				441A29E02A9DFF3F00E69ABB /* HTTPClient.swift */,
			);
			path = ApiClient;
			sourceTree = "<group>";
		};
		44E0287C2A9F2708004126B6 /* Caching */ = {
			isa = PBXGroup;
			children = (
				44E0287A2A9F25C1004126B6 /* DataCache.swift */,
				449B2E0E2AA0506B00CD42A9 /* DataCacheMock.swift */,
				44E0287D2A9F2757004126B6 /* String+md5.swift */,
			);
			path = Caching;
			sourceTree = "<group>";
		};
		44E028832A9F5F29004126B6 /* Details */ = {
			isa = PBXGroup;
			children = (
				44E028842A9F5F58004126B6 /* DetailsView.swift */,
				44E028852A9F5F58004126B6 /* DetailsViewModel.swift */,
				449B2E182AA054D300CD42A9 /* DetailsViewModelTests.swift */,
				44E028862A9F5F58004126B6 /* DetailsFlowCoordinator.swift */,
			);
			path = Details;
			sourceTree = "<group>";
		};
		44FD4BC42A9B4055002DC476 = {
			isa = PBXGroup;
			children = (
				449B2E1C2AA05D2B00CD42A9 /* MediaViewer.xctestplan */,
				44FD4BCF2A9B4055002DC476 /* MediaViewer */,
				44FD4BE12A9B4058002DC476 /* MediaViewerTests */,
				44FD4BEB2A9B4058002DC476 /* MediaViewerUITests */,
				44FD4BCE2A9B4055002DC476 /* Products */,
			);
			sourceTree = "<group>";
		};
		44FD4BCE2A9B4055002DC476 /* Products */ = {
			isa = PBXGroup;
			children = (
				44FD4BCD2A9B4055002DC476 /* MediaViewer.app */,
				44FD4BDE2A9B4058002DC476 /* MediaViewerTests.xctest */,
				44FD4BE82A9B4058002DC476 /* MediaViewerUITests.xctest */,
			);
			name = Products;
			sourceTree = "<group>";
		};
		44FD4BCF2A9B4055002DC476 /* MediaViewer */ = {
			isa = PBXGroup;
			children = (
				44FD4C012A9B4334002DC476 /* AppFlows */,
				44FD4C132A9B4991002DC476 /* Models */,
				44FD4C142A9B49A4002DC476 /* Services */,
				441855E62A9F73E4002FFC47 /* SharedViews */,
				44FD4C1B2A9B4A71002DC476 /* Helpers */,
				44FD4BD62A9B4058002DC476 /* MediaViewer.entitlements */,
				44FD4C052A9B4513002DC476 /* Info.plist */,
				44FD4BFB2A9B421F002DC476 /* AppDelegate.swift */,
				44FD4BFF2A9B427A002DC476 /* ApplicationController.swift */,
				44FD4BFD2A9B424E002DC476 /* SceneDelegate.swift */,
				44FD4BD42A9B4058002DC476 /* Assets.xcassets */,
				44FD4BD72A9B4058002DC476 /* Preview Content */,
			);
			path = MediaViewer;
			sourceTree = "<group>";
		};
		44FD4BD72A9B4058002DC476 /* Preview Content */ = {
			isa = PBXGroup;
			children = (
				44FD4BD82A9B4058002DC476 /* Preview Assets.xcassets */,
			);
			path = "Preview Content";
			sourceTree = "<group>";
		};
		44FD4BE12A9B4058002DC476 /* MediaViewerTests */ = {
			isa = PBXGroup;
			children = (
				44FD4BE22A9B4058002DC476 /* MediaViewerTests.swift */,
			);
			path = MediaViewerTests;
			sourceTree = "<group>";
		};
		44FD4BEB2A9B4058002DC476 /* MediaViewerUITests */ = {
			isa = PBXGroup;
			children = (
				44FD4BEC2A9B4058002DC476 /* MediaViewerUITests.swift */,
				44FD4BEE2A9B4058002DC476 /* MediaViewerUITestsLaunchTests.swift */,
			);
			path = MediaViewerUITests;
			sourceTree = "<group>";
		};
		44FD4C012A9B4334002DC476 /* AppFlows */ = {
			isa = PBXGroup;
			children = (
				44E028832A9F5F29004126B6 /* Details */,
				441A29CA2A9CF16F00E69ABB /* Home */,
				44FD4C062A9B4803002DC476 /* SignIn */,
				44FD4C022A9B4340002DC476 /* Start */,
			);
			path = AppFlows;
			sourceTree = "<group>";
		};
		44FD4C022A9B4340002DC476 /* Start */ = {
			isa = PBXGroup;
			children = (
				44FD4C032A9B434F002DC476 /* StartFlowCoordinator.swift */,
			);
			path = Start;
			sourceTree = "<group>";
		};
		44FD4C062A9B4803002DC476 /* SignIn */ = {
			isa = PBXGroup;
			children = (
				44FD4C172A9B4A3E002DC476 /* SignInFlowCoordinator.swift */,
				44FD4C152A9B4A3E002DC476 /* SignInView.swift */,
				44FD4C162A9B4A3E002DC476 /* SignInViewModel.swift */,
				44E5EF362A9BB28C002F096B /* DropBoxOauthViewController.swift */,
				44E5EF372A9BB28C002F096B /* DropBoxOauthViewModel.swift */,
			);
			path = SignIn;
			sourceTree = "<group>";
		};
		44FD4C132A9B4991002DC476 /* Models */ = {
			isa = PBXGroup;
			children = (
				441A29DC2A9DFBC400E69ABB /* AuthToken.swift */,
				441A29E52A9F010400E69ABB /* FileEntry.swift */,
			);
			path = Models;
			sourceTree = "<group>";
		};
		44FD4C142A9B49A4002DC476 /* Services */ = {
			isa = PBXGroup;
			children = (
				44E0287C2A9F2708004126B6 /* Caching */,
				441A29E42A9E0ACE00E69ABB /* ApiClient */,
				441A29DA2A9DFB8900E69ABB /* TokenStorage.swift */,
				44FD4C1E2A9B5BF6002DC476 /* AppEnv.swift */,
				44FD4C202A9B5C40002DC476 /* AuthClient.swift */,
				449B2E122AA053C700CD42A9 /* AuthClientMock.swift */,
				44FD4C222A9B5C6E002DC476 /* FileEntryRepository.swift */,
				449B2E142AA053E900CD42A9 /* FileEntryRepositoryMock.swift */,
				44E028812A9F41DC004126B6 /* ContentClient.swift */,
				449B2E162AA0546E00CD42A9 /* ContentClientMock.swift */,
			);
			path = Services;
			sourceTree = "<group>";
		};
		44FD4C1B2A9B4A71002DC476 /* Helpers */ = {
			isa = PBXGroup;
			children = (
				44FD4C1C2A9B4D15002DC476 /* AsyncButton.swift */,
				44E5EF3A2A9BB385002F096B /* ErrorPresentable.swift */,
				441A29D62A9CFD2900E69ABB /* ErrorViewModifier.swift */,
				441A29D42A9CF7D600E69ABB /* Isolated.swift */,
				441A29DE2A9DFBF100E69ABB /* JSONCoders.swift */,
				44E0287F2A9F4001004126B6 /* Encodable+JsonString.swift */,
			);
			path = Helpers;
			sourceTree = "<group>";
		};
/* End PBXGroup section */

/* Begin PBXNativeTarget section */
		44FD4BCC2A9B4055002DC476 /* MediaViewer */ = {
			isa = PBXNativeTarget;
			buildConfigurationList = 44FD4BF22A9B4058002DC476 /* Build configuration list for PBXNativeTarget "MediaViewer" */;
			buildPhases = (
				44FD4BC92A9B4055002DC476 /* Sources */,
				44FD4BCA2A9B4055002DC476 /* Frameworks */,
				44FD4BCB2A9B4055002DC476 /* Resources */,
			);
			buildRules = (
			);
			dependencies = (
			);
			name = MediaViewer;
			packageProductDependencies = (
				44FD4C0E2A9B48A3002DC476 /* Dependencies */,
				44FD4C112A9B497C002DC476 /* KeychainAccess */,
				441A29D22A9CF6CB00E69ABB /* IdentifiedCollections */,
			);
			productName = MediaViewer;
			productReference = 44FD4BCD2A9B4055002DC476 /* MediaViewer.app */;
			productType = "com.apple.product-type.application";
		};
		44FD4BDD2A9B4058002DC476 /* MediaViewerTests */ = {
			isa = PBXNativeTarget;
			buildConfigurationList = 44FD4BF52A9B4058002DC476 /* Build configuration list for PBXNativeTarget "MediaViewerTests" */;
			buildPhases = (
				44FD4BDA2A9B4058002DC476 /* Sources */,
				44FD4BDB2A9B4058002DC476 /* Frameworks */,
				44FD4BDC2A9B4058002DC476 /* Resources */,
			);
			buildRules = (
			);
			dependencies = (
				44FD4BE02A9B4058002DC476 /* PBXTargetDependency */,
			);
			name = MediaViewerTests;
			productName = MediaViewerTests;
			productReference = 44FD4BDE2A9B4058002DC476 /* MediaViewerTests.xctest */;
			productType = "com.apple.product-type.bundle.unit-test";
		};
		44FD4BE72A9B4058002DC476 /* MediaViewerUITests */ = {
			isa = PBXNativeTarget;
			buildConfigurationList = 44FD4BF82A9B4058002DC476 /* Build configuration list for PBXNativeTarget "MediaViewerUITests" */;
			buildPhases = (
				44FD4BE42A9B4058002DC476 /* Sources */,
				44FD4BE52A9B4058002DC476 /* Frameworks */,
				44FD4BE62A9B4058002DC476 /* Resources */,
			);
			buildRules = (
			);
			dependencies = (
				44FD4BEA2A9B4058002DC476 /* PBXTargetDependency */,
			);
			name = MediaViewerUITests;
			productName = MediaViewerUITests;
			productReference = 44FD4BE82A9B4058002DC476 /* MediaViewerUITests.xctest */;
			productType = "com.apple.product-type.bundle.ui-testing";
		};
/* End PBXNativeTarget section */

/* Begin PBXProject section */
		44FD4BC52A9B4055002DC476 /* Project object */ = {
			isa = PBXProject;
			attributes = {
				BuildIndependentTargetsInParallel = 1;
				LastSwiftUpdateCheck = 1500;
				LastUpgradeCheck = 1500;
				TargetAttributes = {
					44FD4BCC2A9B4055002DC476 = {
						CreatedOnToolsVersion = 15.0;
					};
					44FD4BDD2A9B4058002DC476 = {
						CreatedOnToolsVersion = 15.0;
						TestTargetID = 44FD4BCC2A9B4055002DC476;
					};
					44FD4BE72A9B4058002DC476 = {
						CreatedOnToolsVersion = 15.0;
						TestTargetID = 44FD4BCC2A9B4055002DC476;
					};
				};
			};
			buildConfigurationList = 44FD4BC82A9B4055002DC476 /* Build configuration list for PBXProject "MediaViewer" */;
			compatibilityVersion = "Xcode 14.0";
			developmentRegion = en;
			hasScannedForEncodings = 0;
			knownRegions = (
				en,
				Base,
			);
			mainGroup = 44FD4BC42A9B4055002DC476;
			packageReferences = (
				44FD4C0D2A9B48A3002DC476 /* XCRemoteSwiftPackageReference "swift-dependencies" */,
				44FD4C102A9B497C002DC476 /* XCRemoteSwiftPackageReference "KeychainAccess" */,
				441A29D12A9CF6CB00E69ABB /* XCRemoteSwiftPackageReference "swift-identified-collections" */,
			);
			productRefGroup = 44FD4BCE2A9B4055002DC476 /* Products */;
			projectDirPath = "";
			projectRoot = "";
			targets = (
				44FD4BCC2A9B4055002DC476 /* MediaViewer */,
				44FD4BDD2A9B4058002DC476 /* MediaViewerTests */,
				44FD4BE72A9B4058002DC476 /* MediaViewerUITests */,
			);
		};
/* End PBXProject section */

/* Begin PBXResourcesBuildPhase section */
		44FD4BCB2A9B4055002DC476 /* Resources */ = {
			isa = PBXResourcesBuildPhase;
			buildActionMask = 2147483647;
			files = (
				44FD4BD92A9B4058002DC476 /* Preview Assets.xcassets in Resources */,
				44FD4BD52A9B4058002DC476 /* Assets.xcassets in Resources */,
			);
			runOnlyForDeploymentPostprocessing = 0;
		};
		44FD4BDC2A9B4058002DC476 /* Resources */ = {
			isa = PBXResourcesBuildPhase;
			buildActionMask = 2147483647;
			files = (
			);
			runOnlyForDeploymentPostprocessing = 0;
		};
		44FD4BE62A9B4058002DC476 /* Resources */ = {
			isa = PBXResourcesBuildPhase;
			buildActionMask = 2147483647;
			files = (
			);
			runOnlyForDeploymentPostprocessing = 0;
		};
/* End PBXResourcesBuildPhase section */

/* Begin PBXSourcesBuildPhase section */
		44FD4BC92A9B4055002DC476 /* Sources */ = {
			isa = PBXSourcesBuildPhase;
			buildActionMask = 2147483647;
			files = (
				44E028802A9F4001004126B6 /* Encodable+JsonString.swift in Sources */,
				441855E82A9F740F002FFC47 /* RemoteImage.swift in Sources */,
				449B2E172AA0546E00CD42A9 /* ContentClientMock.swift in Sources */,
				44E5EF392A9BB28C002F096B /* DropBoxOauthViewModel.swift in Sources */,
				44FD4C1D2A9B4D15002DC476 /* AsyncButton.swift in Sources */,
				44E028882A9F5F58004126B6 /* DetailsViewModel.swift in Sources */,
				441A29E12A9DFF3F00E69ABB /* HTTPClient.swift in Sources */,
				44FD4C182A9B4A3E002DC476 /* SignInView.swift in Sources */,
				441A29D02A9CF18800E69ABB /* HomeFlowCoordinator.swift in Sources */,
				441A29CF2A9CF18800E69ABB /* HomeViewModel.swift in Sources */,
				44E028872A9F5F58004126B6 /* DetailsView.swift in Sources */,
				441A29CE2A9CF18800E69ABB /* HomeView.swift in Sources */,
				441A29D52A9CF7D600E69ABB /* Isolated.swift in Sources */,
				441A29D72A9CFD2900E69ABB /* ErrorViewModifier.swift in Sources */,
				449B2E112AA0529300CD42A9 /* ApiClientMock.swift in Sources */,
				449B2E152AA053E900CD42A9 /* FileEntryRepositoryMock.swift in Sources */,
				44FD4C192A9B4A3E002DC476 /* SignInViewModel.swift in Sources */,
				449B2E0F2AA0506B00CD42A9 /* DataCacheMock.swift in Sources */,
				44FD4C1F2A9B5BF6002DC476 /* AppEnv.swift in Sources */,
				441A29DB2A9DFB8900E69ABB /* TokenStorage.swift in Sources */,
				441A29E32A9DFFE000E69ABB /* AuthSession.swift in Sources */,
				44E028822A9F41DC004126B6 /* ContentClient.swift in Sources */,
				44FD4C1A2A9B4A3E002DC476 /* SignInFlowCoordinator.swift in Sources */,
				449B2E1B2AA05A2400CD42A9 /* RemoteVideo.swift in Sources */,
				441A29DF2A9DFBF100E69ABB /* JSONCoders.swift in Sources */,
				44E0287E2A9F2757004126B6 /* String+md5.swift in Sources */,
				44E5EF3B2A9BB385002F096B /* ErrorPresentable.swift in Sources */,
				44FD4C212A9B5C40002DC476 /* AuthClient.swift in Sources */,
				449B2E132AA053C700CD42A9 /* AuthClientMock.swift in Sources */,
				44E5EF382A9BB28C002F096B /* DropBoxOauthViewController.swift in Sources */,
				441A29E62A9F010400E69ABB /* FileEntry.swift in Sources */,
				44FD4BFC2A9B421F002DC476 /* AppDelegate.swift in Sources */,
				44E0287B2A9F25C1004126B6 /* DataCache.swift in Sources */,
				44FD4C232A9B5C6E002DC476 /* FileEntryRepository.swift in Sources */,
				44FD4C042A9B434F002DC476 /* StartFlowCoordinator.swift in Sources */,
				44FD4BFE2A9B424E002DC476 /* SceneDelegate.swift in Sources */,
				44E028892A9F5F58004126B6 /* DetailsFlowCoordinator.swift in Sources */,
				44FD4C002A9B427A002DC476 /* ApplicationController.swift in Sources */,
				441A29D92A9DFAB100E69ABB /* ApiClient.swift in Sources */,
				441A29DD2A9DFBC400E69ABB /* AuthToken.swift in Sources */,
			);
			runOnlyForDeploymentPostprocessing = 0;
		};
		44FD4BDA2A9B4058002DC476 /* Sources */ = {
			isa = PBXSourcesBuildPhase;
			buildActionMask = 2147483647;
			files = (
				44FD4BE32A9B4058002DC476 /* MediaViewerTests.swift in Sources */,
				449B2E192AA054D300CD42A9 /* DetailsViewModelTests.swift in Sources */,
				449B2E1E2AA05D8200CD42A9 /* HomeViewModelTests.swift in Sources */,
			);
			runOnlyForDeploymentPostprocessing = 0;
		};
		44FD4BE42A9B4058002DC476 /* Sources */ = {
			isa = PBXSourcesBuildPhase;
			buildActionMask = 2147483647;
			files = (
				44FD4BED2A9B4058002DC476 /* MediaViewerUITests.swift in Sources */,
				44FD4BEF2A9B4058002DC476 /* MediaViewerUITestsLaunchTests.swift in Sources */,
			);
			runOnlyForDeploymentPostprocessing = 0;
		};
/* End PBXSourcesBuildPhase section */

/* Begin PBXTargetDependency section */
		44FD4BE02A9B4058002DC476 /* PBXTargetDependency */ = {
			isa = PBXTargetDependency;
			target = 44FD4BCC2A9B4055002DC476 /* MediaViewer */;
			targetProxy = 44FD4BDF2A9B4058002DC476 /* PBXContainerItemProxy */;
		};
		44FD4BEA2A9B4058002DC476 /* PBXTargetDependency */ = {
			isa = PBXTargetDependency;
			target = 44FD4BCC2A9B4055002DC476 /* MediaViewer */;
			targetProxy = 44FD4BE92A9B4058002DC476 /* PBXContainerItemProxy */;
		};
/* End PBXTargetDependency section */

/* Begin XCBuildConfiguration section */
		44FD4BF02A9B4058002DC476 /* Debug */ = {
			isa = XCBuildConfiguration;
			buildSettings = {
				ALWAYS_SEARCH_USER_PATHS = NO;
				ASSETCATALOG_COMPILER_GENERATE_SWIFT_ASSET_SYMBOL_EXTENSIONS = YES;
				CLANG_ANALYZER_NONNULL = YES;
				CLANG_ANALYZER_NUMBER_OBJECT_CONVERSION = YES_AGGRESSIVE;
				CLANG_CXX_LANGUAGE_STANDARD = "gnu++20";
				CLANG_ENABLE_MODULES = YES;
				CLANG_ENABLE_OBJC_ARC = YES;
				CLANG_ENABLE_OBJC_WEAK = YES;
				CLANG_WARN_BLOCK_CAPTURE_AUTORELEASING = YES;
				CLANG_WARN_BOOL_CONVERSION = YES;
				CLANG_WARN_COMMA = YES;
				CLANG_WARN_CONSTANT_CONVERSION = YES;
				CLANG_WARN_DEPRECATED_OBJC_IMPLEMENTATIONS = YES;
				CLANG_WARN_DIRECT_OBJC_ISA_USAGE = YES_ERROR;
				CLANG_WARN_DOCUMENTATION_COMMENTS = YES;
				CLANG_WARN_EMPTY_BODY = YES;
				CLANG_WARN_ENUM_CONVERSION = YES;
				CLANG_WARN_INFINITE_RECURSION = YES;
				CLANG_WARN_INT_CONVERSION = YES;
				CLANG_WARN_NON_LITERAL_NULL_CONVERSION = YES;
				CLANG_WARN_OBJC_IMPLICIT_RETAIN_SELF = YES;
				CLANG_WARN_OBJC_LITERAL_CONVERSION = YES;
				CLANG_WARN_OBJC_ROOT_CLASS = YES_ERROR;
				CLANG_WARN_QUOTED_INCLUDE_IN_FRAMEWORK_HEADER = YES;
				CLANG_WARN_RANGE_LOOP_ANALYSIS = YES;
				CLANG_WARN_STRICT_PROTOTYPES = YES;
				CLANG_WARN_SUSPICIOUS_MOVE = YES;
				CLANG_WARN_UNGUARDED_AVAILABILITY = YES_AGGRESSIVE;
				CLANG_WARN_UNREACHABLE_CODE = YES;
				CLANG_WARN__DUPLICATE_METHOD_MATCH = YES;
				COPY_PHASE_STRIP = NO;
				DEBUG_INFORMATION_FORMAT = dwarf;
				ENABLE_STRICT_OBJC_MSGSEND = YES;
				ENABLE_TESTABILITY = YES;
				ENABLE_USER_SCRIPT_SANDBOXING = YES;
				GCC_C_LANGUAGE_STANDARD = gnu17;
				GCC_DYNAMIC_NO_PIC = NO;
				GCC_NO_COMMON_BLOCKS = YES;
				GCC_OPTIMIZATION_LEVEL = 0;
				GCC_PREPROCESSOR_DEFINITIONS = (
					"DEBUG=1",
					"$(inherited)",
				);
				GCC_WARN_64_TO_32_BIT_CONVERSION = YES;
				GCC_WARN_ABOUT_RETURN_TYPE = YES_ERROR;
				GCC_WARN_UNDECLARED_SELECTOR = YES;
				GCC_WARN_UNINITIALIZED_AUTOS = YES_AGGRESSIVE;
				GCC_WARN_UNUSED_FUNCTION = YES;
				GCC_WARN_UNUSED_VARIABLE = YES;
				LOCALIZATION_PREFERS_STRING_CATALOGS = YES;
				MTL_ENABLE_DEBUG_INFO = INCLUDE_SOURCE;
				MTL_FAST_MATH = YES;
				ONLY_ACTIVE_ARCH = YES;
				SWIFT_ACTIVE_COMPILATION_CONDITIONS = "DEBUG $(inherited)";
				SWIFT_OPTIMIZATION_LEVEL = "-Onone";
			};
			name = Debug;
		};
		44FD4BF12A9B4058002DC476 /* Release */ = {
			isa = XCBuildConfiguration;
			buildSettings = {
				ALWAYS_SEARCH_USER_PATHS = NO;
				ASSETCATALOG_COMPILER_GENERATE_SWIFT_ASSET_SYMBOL_EXTENSIONS = YES;
				CLANG_ANALYZER_NONNULL = YES;
				CLANG_ANALYZER_NUMBER_OBJECT_CONVERSION = YES_AGGRESSIVE;
				CLANG_CXX_LANGUAGE_STANDARD = "gnu++20";
				CLANG_ENABLE_MODULES = YES;
				CLANG_ENABLE_OBJC_ARC = YES;
				CLANG_ENABLE_OBJC_WEAK = YES;
				CLANG_WARN_BLOCK_CAPTURE_AUTORELEASING = YES;
				CLANG_WARN_BOOL_CONVERSION = YES;
				CLANG_WARN_COMMA = YES;
				CLANG_WARN_CONSTANT_CONVERSION = YES;
				CLANG_WARN_DEPRECATED_OBJC_IMPLEMENTATIONS = YES;
				CLANG_WARN_DIRECT_OBJC_ISA_USAGE = YES_ERROR;
				CLANG_WARN_DOCUMENTATION_COMMENTS = YES;
				CLANG_WARN_EMPTY_BODY = YES;
				CLANG_WARN_ENUM_CONVERSION = YES;
				CLANG_WARN_INFINITE_RECURSION = YES;
				CLANG_WARN_INT_CONVERSION = YES;
				CLANG_WARN_NON_LITERAL_NULL_CONVERSION = YES;
				CLANG_WARN_OBJC_IMPLICIT_RETAIN_SELF = YES;
				CLANG_WARN_OBJC_LITERAL_CONVERSION = YES;
				CLANG_WARN_OBJC_ROOT_CLASS = YES_ERROR;
				CLANG_WARN_QUOTED_INCLUDE_IN_FRAMEWORK_HEADER = YES;
				CLANG_WARN_RANGE_LOOP_ANALYSIS = YES;
				CLANG_WARN_STRICT_PROTOTYPES = YES;
				CLANG_WARN_SUSPICIOUS_MOVE = YES;
				CLANG_WARN_UNGUARDED_AVAILABILITY = YES_AGGRESSIVE;
				CLANG_WARN_UNREACHABLE_CODE = YES;
				CLANG_WARN__DUPLICATE_METHOD_MATCH = YES;
				COPY_PHASE_STRIP = NO;
				DEBUG_INFORMATION_FORMAT = "dwarf-with-dsym";
				ENABLE_NS_ASSERTIONS = NO;
				ENABLE_STRICT_OBJC_MSGSEND = YES;
				ENABLE_USER_SCRIPT_SANDBOXING = YES;
				GCC_C_LANGUAGE_STANDARD = gnu17;
				GCC_NO_COMMON_BLOCKS = YES;
				GCC_WARN_64_TO_32_BIT_CONVERSION = YES;
				GCC_WARN_ABOUT_RETURN_TYPE = YES_ERROR;
				GCC_WARN_UNDECLARED_SELECTOR = YES;
				GCC_WARN_UNINITIALIZED_AUTOS = YES_AGGRESSIVE;
				GCC_WARN_UNUSED_FUNCTION = YES;
				GCC_WARN_UNUSED_VARIABLE = YES;
				LOCALIZATION_PREFERS_STRING_CATALOGS = YES;
				MTL_ENABLE_DEBUG_INFO = NO;
				MTL_FAST_MATH = YES;
				SWIFT_COMPILATION_MODE = wholemodule;
			};
			name = Release;
		};
		44FD4BF32A9B4058002DC476 /* Debug */ = {
			isa = XCBuildConfiguration;
			buildSettings = {
				ASSETCATALOG_COMPILER_APPICON_NAME = AppIcon;
				ASSETCATALOG_COMPILER_GLOBAL_ACCENT_COLOR_NAME = AccentColor;
				CODE_SIGN_ENTITLEMENTS = MediaViewer/MediaViewer.entitlements;
				CODE_SIGN_STYLE = Automatic;
				CURRENT_PROJECT_VERSION = 1;
				DEVELOPMENT_ASSET_PATHS = "\"MediaViewer/Preview Content\"";
				DEVELOPMENT_TEAM = 9DB8872T2A;
				ENABLE_HARDENED_RUNTIME = YES;
				ENABLE_PREVIEWS = YES;
				GENERATE_INFOPLIST_FILE = YES;
				INFOPLIST_FILE = MediaViewer/Info.plist;
				"INFOPLIST_KEY_UIApplicationSupportsIndirectInputEvents[sdk=iphoneos*]" = YES;
				"INFOPLIST_KEY_UIApplicationSupportsIndirectInputEvents[sdk=iphonesimulator*]" = YES;
				"INFOPLIST_KEY_UILaunchScreen_Generation[sdk=iphoneos*]" = YES;
				"INFOPLIST_KEY_UILaunchScreen_Generation[sdk=iphonesimulator*]" = YES;
				"INFOPLIST_KEY_UIStatusBarStyle[sdk=iphoneos*]" = UIStatusBarStyleDefault;
				"INFOPLIST_KEY_UIStatusBarStyle[sdk=iphonesimulator*]" = UIStatusBarStyleDefault;
				INFOPLIST_KEY_UISupportedInterfaceOrientations_iPad = "UIInterfaceOrientationPortrait UIInterfaceOrientationPortraitUpsideDown UIInterfaceOrientationLandscapeLeft UIInterfaceOrientationLandscapeRight";
				INFOPLIST_KEY_UISupportedInterfaceOrientations_iPhone = "UIInterfaceOrientationPortrait UIInterfaceOrientationLandscapeLeft UIInterfaceOrientationLandscapeRight";
				IPHONEOS_DEPLOYMENT_TARGET = 15.0;
				LD_RUNPATH_SEARCH_PATHS = "@executable_path/Frameworks";
				"LD_RUNPATH_SEARCH_PATHS[sdk=macosx*]" = "@executable_path/../Frameworks";
				MACOSX_DEPLOYMENT_TARGET = 13.4;
				MARKETING_VERSION = 1.0;
				PRODUCT_BUNDLE_IDENTIFIER = me.honcharenko.MediaViewer;
				PRODUCT_NAME = "$(TARGET_NAME)";
				SDKROOT = auto;
				SUPPORTED_PLATFORMS = "iphoneos iphonesimulator";
				SUPPORTS_MACCATALYST = NO;
				SWIFT_EMIT_LOC_STRINGS = YES;
				SWIFT_VERSION = 5.0;
				TARGETED_DEVICE_FAMILY = 1;
			};
			name = Debug;
		};
		44FD4BF42A9B4058002DC476 /* Release */ = {
			isa = XCBuildConfiguration;
			buildSettings = {
				ASSETCATALOG_COMPILER_APPICON_NAME = AppIcon;
				ASSETCATALOG_COMPILER_GLOBAL_ACCENT_COLOR_NAME = AccentColor;
				CODE_SIGN_ENTITLEMENTS = MediaViewer/MediaViewer.entitlements;
				CODE_SIGN_STYLE = Automatic;
				CURRENT_PROJECT_VERSION = 1;
				DEVELOPMENT_ASSET_PATHS = "\"MediaViewer/Preview Content\"";
				DEVELOPMENT_TEAM = 9DB8872T2A;
				ENABLE_HARDENED_RUNTIME = YES;
				ENABLE_PREVIEWS = YES;
				GENERATE_INFOPLIST_FILE = YES;
				INFOPLIST_FILE = MediaViewer/Info.plist;
				"INFOPLIST_KEY_UIApplicationSupportsIndirectInputEvents[sdk=iphoneos*]" = YES;
				"INFOPLIST_KEY_UIApplicationSupportsIndirectInputEvents[sdk=iphonesimulator*]" = YES;
				"INFOPLIST_KEY_UILaunchScreen_Generation[sdk=iphoneos*]" = YES;
				"INFOPLIST_KEY_UILaunchScreen_Generation[sdk=iphonesimulator*]" = YES;
				"INFOPLIST_KEY_UIStatusBarStyle[sdk=iphoneos*]" = UIStatusBarStyleDefault;
				"INFOPLIST_KEY_UIStatusBarStyle[sdk=iphonesimulator*]" = UIStatusBarStyleDefault;
				INFOPLIST_KEY_UISupportedInterfaceOrientations_iPad = "UIInterfaceOrientationPortrait UIInterfaceOrientationPortraitUpsideDown UIInterfaceOrientationLandscapeLeft UIInterfaceOrientationLandscapeRight";
				INFOPLIST_KEY_UISupportedInterfaceOrientations_iPhone = "UIInterfaceOrientationPortrait UIInterfaceOrientationLandscapeLeft UIInterfaceOrientationLandscapeRight";
				IPHONEOS_DEPLOYMENT_TARGET = 15.0;
				LD_RUNPATH_SEARCH_PATHS = "@executable_path/Frameworks";
				"LD_RUNPATH_SEARCH_PATHS[sdk=macosx*]" = "@executable_path/../Frameworks";
				MACOSX_DEPLOYMENT_TARGET = 13.4;
				MARKETING_VERSION = 1.0;
				PRODUCT_BUNDLE_IDENTIFIER = me.honcharenko.MediaViewer;
				PRODUCT_NAME = "$(TARGET_NAME)";
				SDKROOT = auto;
				SUPPORTED_PLATFORMS = "iphoneos iphonesimulator";
				SUPPORTS_MACCATALYST = NO;
				SWIFT_EMIT_LOC_STRINGS = YES;
				SWIFT_VERSION = 5.0;
				TARGETED_DEVICE_FAMILY = 1;
			};
			name = Release;
		};
		44FD4BF62A9B4058002DC476 /* Debug */ = {
			isa = XCBuildConfiguration;
			buildSettings = {
				ALWAYS_EMBED_SWIFT_STANDARD_LIBRARIES = YES;
				BUNDLE_LOADER = "$(TEST_HOST)";
				CODE_SIGN_STYLE = Automatic;
				CURRENT_PROJECT_VERSION = 1;
				DEVELOPMENT_TEAM = 9DB8872T2A;
				GENERATE_INFOPLIST_FILE = YES;
				IPHONEOS_DEPLOYMENT_TARGET = 17.0;
				MACOSX_DEPLOYMENT_TARGET = 13.4;
				MARKETING_VERSION = 1.0;
				PRODUCT_BUNDLE_IDENTIFIER = me.honcharenko.MediaViewerTests;
				PRODUCT_NAME = "$(TARGET_NAME)";
				SDKROOT = auto;
				SUPPORTED_PLATFORMS = "iphoneos iphonesimulator macosx";
				SWIFT_EMIT_LOC_STRINGS = NO;
				SWIFT_VERSION = 5.0;
				TARGETED_DEVICE_FAMILY = "1,2";
				TEST_HOST = "$(BUILT_PRODUCTS_DIR)/MediaViewer.app/$(BUNDLE_EXECUTABLE_FOLDER_PATH)/MediaViewer";
			};
			name = Debug;
		};
		44FD4BF72A9B4058002DC476 /* Release */ = {
			isa = XCBuildConfiguration;
			buildSettings = {
				ALWAYS_EMBED_SWIFT_STANDARD_LIBRARIES = YES;
				BUNDLE_LOADER = "$(TEST_HOST)";
				CODE_SIGN_STYLE = Automatic;
				CURRENT_PROJECT_VERSION = 1;
				DEVELOPMENT_TEAM = 9DB8872T2A;
				GENERATE_INFOPLIST_FILE = YES;
				IPHONEOS_DEPLOYMENT_TARGET = 17.0;
				MACOSX_DEPLOYMENT_TARGET = 13.4;
				MARKETING_VERSION = 1.0;
				PRODUCT_BUNDLE_IDENTIFIER = me.honcharenko.MediaViewerTests;
				PRODUCT_NAME = "$(TARGET_NAME)";
				SDKROOT = auto;
				SUPPORTED_PLATFORMS = "iphoneos iphonesimulator macosx";
				SWIFT_EMIT_LOC_STRINGS = NO;
				SWIFT_VERSION = 5.0;
				TARGETED_DEVICE_FAMILY = "1,2";
				TEST_HOST = "$(BUILT_PRODUCTS_DIR)/MediaViewer.app/$(BUNDLE_EXECUTABLE_FOLDER_PATH)/MediaViewer";
			};
			name = Release;
		};
		44FD4BF92A9B4058002DC476 /* Debug */ = {
			isa = XCBuildConfiguration;
			buildSettings = {
				ALWAYS_EMBED_SWIFT_STANDARD_LIBRARIES = YES;
				CODE_SIGN_STYLE = Automatic;
				CURRENT_PROJECT_VERSION = 1;
				DEVELOPMENT_TEAM = 9DB8872T2A;
				GENERATE_INFOPLIST_FILE = YES;
				IPHONEOS_DEPLOYMENT_TARGET = 17.0;
				MACOSX_DEPLOYMENT_TARGET = 13.4;
				MARKETING_VERSION = 1.0;
				PRODUCT_BUNDLE_IDENTIFIER = me.honcharenko.MediaViewerUITests;
				PRODUCT_NAME = "$(TARGET_NAME)";
				SDKROOT = auto;
				SUPPORTED_PLATFORMS = "iphoneos iphonesimulator macosx";
				SWIFT_EMIT_LOC_STRINGS = NO;
				SWIFT_VERSION = 5.0;
				TARGETED_DEVICE_FAMILY = "1,2";
				TEST_TARGET_NAME = MediaViewer;
			};
			name = Debug;
		};
		44FD4BFA2A9B4058002DC476 /* Release */ = {
			isa = XCBuildConfiguration;
			buildSettings = {
				ALWAYS_EMBED_SWIFT_STANDARD_LIBRARIES = YES;
				CODE_SIGN_STYLE = Automatic;
				CURRENT_PROJECT_VERSION = 1;
				DEVELOPMENT_TEAM = 9DB8872T2A;
				GENERATE_INFOPLIST_FILE = YES;
				IPHONEOS_DEPLOYMENT_TARGET = 17.0;
				MACOSX_DEPLOYMENT_TARGET = 13.4;
				MARKETING_VERSION = 1.0;
				PRODUCT_BUNDLE_IDENTIFIER = me.honcharenko.MediaViewerUITests;
				PRODUCT_NAME = "$(TARGET_NAME)";
				SDKROOT = auto;
				SUPPORTED_PLATFORMS = "iphoneos iphonesimulator macosx";
				SWIFT_EMIT_LOC_STRINGS = NO;
				SWIFT_VERSION = 5.0;
				TARGETED_DEVICE_FAMILY = "1,2";
				TEST_TARGET_NAME = MediaViewer;
			};
			name = Release;
		};
/* End XCBuildConfiguration section */

/* Begin XCConfigurationList section */
		44FD4BC82A9B4055002DC476 /* Build configuration list for PBXProject "MediaViewer" */ = {
			isa = XCConfigurationList;
			buildConfigurations = (
				44FD4BF02A9B4058002DC476 /* Debug */,
				44FD4BF12A9B4058002DC476 /* Release */,
			);
			defaultConfigurationIsVisible = 0;
			defaultConfigurationName = Release;
		};
		44FD4BF22A9B4058002DC476 /* Build configuration list for PBXNativeTarget "MediaViewer" */ = {
			isa = XCConfigurationList;
			buildConfigurations = (
				44FD4BF32A9B4058002DC476 /* Debug */,
				44FD4BF42A9B4058002DC476 /* Release */,
			);
			defaultConfigurationIsVisible = 0;
			defaultConfigurationName = Release;
		};
		44FD4BF52A9B4058002DC476 /* Build configuration list for PBXNativeTarget "MediaViewerTests" */ = {
			isa = XCConfigurationList;
			buildConfigurations = (
				44FD4BF62A9B4058002DC476 /* Debug */,
				44FD4BF72A9B4058002DC476 /* Release */,
			);
			defaultConfigurationIsVisible = 0;
			defaultConfigurationName = Release;
		};
		44FD4BF82A9B4058002DC476 /* Build configuration list for PBXNativeTarget "MediaViewerUITests" */ = {
			isa = XCConfigurationList;
			buildConfigurations = (
				44FD4BF92A9B4058002DC476 /* Debug */,
				44FD4BFA2A9B4058002DC476 /* Release */,
			);
			defaultConfigurationIsVisible = 0;
			defaultConfigurationName = Release;
		};
/* End XCConfigurationList section */

/* Begin XCRemoteSwiftPackageReference section */
		441A29D12A9CF6CB00E69ABB /* XCRemoteSwiftPackageReference "swift-identified-collections" */ = {
			isa = XCRemoteSwiftPackageReference;
			repositoryURL = "https://github.com/pointfreeco/swift-identified-collections.git";
			requirement = {
				kind = upToNextMajorVersion;
				minimumVersion = 1.0.0;
			};
		};
		44FD4C0D2A9B48A3002DC476 /* XCRemoteSwiftPackageReference "swift-dependencies" */ = {
			isa = XCRemoteSwiftPackageReference;
			repositoryURL = "https://github.com/pointfreeco/swift-dependencies.git";
			requirement = {
				kind = upToNextMajorVersion;
				minimumVersion = 1.0.0;
			};
		};
		44FD4C102A9B497C002DC476 /* XCRemoteSwiftPackageReference "KeychainAccess" */ = {
			isa = XCRemoteSwiftPackageReference;
			repositoryURL = "https://github.com/kishikawakatsumi/KeychainAccess.git";
			requirement = {
				kind = upToNextMajorVersion;
				minimumVersion = 4.0.0;
			};
		};
/* End XCRemoteSwiftPackageReference section */

/* Begin XCSwiftPackageProductDependency section */
		441A29D22A9CF6CB00E69ABB /* IdentifiedCollections */ = {
			isa = XCSwiftPackageProductDependency;
			package = 441A29D12A9CF6CB00E69ABB /* XCRemoteSwiftPackageReference "swift-identified-collections" */;
			productName = IdentifiedCollections;
		};
		44FD4C0E2A9B48A3002DC476 /* Dependencies */ = {
			isa = XCSwiftPackageProductDependency;
			package = 44FD4C0D2A9B48A3002DC476 /* XCRemoteSwiftPackageReference "swift-dependencies" */;
			productName = Dependencies;
		};
		44FD4C112A9B497C002DC476 /* KeychainAccess */ = {
			isa = XCSwiftPackageProductDependency;
			package = 44FD4C102A9B497C002DC476 /* XCRemoteSwiftPackageReference "KeychainAccess" */;
			productName = KeychainAccess;
		};
/* End XCSwiftPackageProductDependency section */
	};
	rootObject = 44FD4BC52A9B4055002DC476 /* Project object */;
}
