// !$*UTF8*$!
{
	archiveVersion = 1;
	classes = {
	};
	objectVersion = 56;
	objects = {

/* Begin PBXBuildFile section */
		44FD4BD32A9B4055002DC476 /* ContentView.swift in Sources */ = {isa = PBXBuildFile; fileRef = 44FD4BD22A9B4055002DC476 /* ContentView.swift */; };
		44FD4BD52A9B4058002DC476 /* Assets.xcassets in Resources */ = {isa = PBXBuildFile; fileRef = 44FD4BD42A9B4058002DC476 /* Assets.xcassets */; };
		44FD4BD92A9B4058002DC476 /* Preview Assets.xcassets in Resources */ = {isa = PBXBuildFile; fileRef = 44FD4BD82A9B4058002DC476 /* Preview Assets.xcassets */; };
		44FD4BE32A9B4058002DC476 /* MediaViewerTests.swift in Sources */ = {isa = PBXBuildFile; fileRef = 44FD4BE22A9B4058002DC476 /* MediaViewerTests.swift */; };
		44FD4BED2A9B4058002DC476 /* MediaViewerUITests.swift in Sources */ = {isa = PBXBuildFile; fileRef = 44FD4BEC2A9B4058002DC476 /* MediaViewerUITests.swift */; };
		44FD4BEF2A9B4058002DC476 /* MediaViewerUITestsLaunchTests.swift in Sources */ = {isa = PBXBuildFile; fileRef = 44FD4BEE2A9B4058002DC476 /* MediaViewerUITestsLaunchTests.swift */; };
		44FD4BFC2A9B421F002DC476 /* AppDelegate.swift in Sources */ = {isa = PBXBuildFile; fileRef = 44FD4BFB2A9B421F002DC476 /* AppDelegate.swift */; };
		44FD4BFE2A9B424E002DC476 /* SceneDelegate.swift in Sources */ = {isa = PBXBuildFile; fileRef = 44FD4BFD2A9B424E002DC476 /* SceneDelegate.swift */; };
		44FD4C002A9B427A002DC476 /* ApplicationController.swift in Sources */ = {isa = PBXBuildFile; fileRef = 44FD4BFF2A9B427A002DC476 /* ApplicationController.swift */; };
		44FD4C042A9B434F002DC476 /* StartFlowCoordinator.swift in Sources */ = {isa = PBXBuildFile; fileRef = 44FD4C032A9B434F002DC476 /* StartFlowCoordinator.swift */; };
/* End PBXBuildFile section */

/* Begin PBXContainerItemProxy section */
		44FD4BDF2A9B4058002DC476 /* PBXContainerItemProxy */ = {
			isa = PBXContainerItemProxy;
			containerPortal = 44FD4BC52A9B4055002DC476 /* Project object */;
			proxyType = 1;
			remoteGlobalIDString = 44FD4BCC2A9B4055002DC476;
			remoteInfo = MediaViewer;
		};
		44FD4BE92A9B4058002DC476 /* PBXContainerItemProxy */ = {
			isa = PBXContainerItemProxy;
			containerPortal = 44FD4BC52A9B4055002DC476 /* Project object */;
			proxyType = 1;
			remoteGlobalIDString = 44FD4BCC2A9B4055002DC476;
			remoteInfo = MediaViewer;
		};
/* End PBXContainerItemProxy section */

/* Begin PBXFileReference section */
		44FD4BCD2A9B4055002DC476 /* MediaViewer.app */ = {isa = PBXFileReference; explicitFileType = wrapper.application; includeInIndex = 0; path = MediaViewer.app; sourceTree = BUILT_PRODUCTS_DIR; };
		44FD4BD22A9B4055002DC476 /* ContentView.swift */ = {isa = PBXFileReference; lastKnownFileType = sourcecode.swift; path = ContentView.swift; sourceTree = "<group>"; };
		44FD4BD42A9B4058002DC476 /* Assets.xcassets */ = {isa = PBXFileReference; lastKnownFileType = folder.assetcatalog; path = Assets.xcassets; sourceTree = "<group>"; };
		44FD4BD62A9B4058002DC476 /* MediaViewer.entitlements */ = {isa = PBXFileReference; lastKnownFileType = text.plist.entitlements; path = MediaViewer.entitlements; sourceTree = "<group>"; };
		44FD4BD82A9B4058002DC476 /* Preview Assets.xcassets */ = {isa = PBXFileReference; lastKnownFileType = folder.assetcatalog; path = "Preview Assets.xcassets"; sourceTree = "<group>"; };
		44FD4BDE2A9B4058002DC476 /* MediaViewerTests.xctest */ = {isa = PBXFileReference; explicitFileType = wrapper.cfbundle; includeInIndex = 0; path = MediaViewerTests.xctest; sourceTree = BUILT_PRODUCTS_DIR; };
		44FD4BE22A9B4058002DC476 /* MediaViewerTests.swift */ = {isa = PBXFileReference; lastKnownFileType = sourcecode.swift; path = MediaViewerTests.swift; sourceTree = "<group>"; };
		44FD4BE82A9B4058002DC476 /* MediaViewerUITests.xctest */ = {isa = PBXFileReference; explicitFileType = wrapper.cfbundle; includeInIndex = 0; path = MediaViewerUITests.xctest; sourceTree = BUILT_PRODUCTS_DIR; };
		44FD4BEC2A9B4058002DC476 /* MediaViewerUITests.swift */ = {isa = PBXFileReference; lastKnownFileType = sourcecode.swift; path = MediaViewerUITests.swift; sourceTree = "<group>"; };
		44FD4BEE2A9B4058002DC476 /* MediaViewerUITestsLaunchTests.swift */ = {isa = PBXFileReference; lastKnownFileType = sourcecode.swift; path = MediaViewerUITestsLaunchTests.swift; sourceTree = "<group>"; };
		44FD4BFB2A9B421F002DC476 /* AppDelegate.swift */ = {isa = PBXFileReference; lastKnownFileType = sourcecode.swift; path = AppDelegate.swift; sourceTree = "<group>"; };
		44FD4BFD2A9B424E002DC476 /* SceneDelegate.swift */ = {isa = PBXFileReference; lastKnownFileType = sourcecode.swift; path = SceneDelegate.swift; sourceTree = "<group>"; };
		44FD4BFF2A9B427A002DC476 /* ApplicationController.swift */ = {isa = PBXFileReference; lastKnownFileType = sourcecode.swift; path = ApplicationController.swift; sourceTree = "<group>"; };
		44FD4C032A9B434F002DC476 /* StartFlowCoordinator.swift */ = {isa = PBXFileReference; lastKnownFileType = sourcecode.swift; path = StartFlowCoordinator.swift; sourceTree = "<group>"; };
		44FD4C052A9B4513002DC476 /* Info.plist */ = {isa = PBXFileReference; lastKnownFileType = text.plist; path = Info.plist; sourceTree = "<group>"; };
/* End PBXFileReference section */

/* Begin PBXFrameworksBuildPhase section */
		44FD4BCA2A9B4055002DC476 /* Frameworks */ = {
			isa = PBXFrameworksBuildPhase;
			buildActionMask = 2147483647;
			files = (
			);
			runOnlyForDeploymentPostprocessing = 0;
		};
		44FD4BDB2A9B4058002DC476 /* Frameworks */ = {
			isa = PBXFrameworksBuildPhase;
			buildActionMask = 2147483647;
			files = (
			);
			runOnlyForDeploymentPostprocessing = 0;
		};
		44FD4BE52A9B4058002DC476 /* Frameworks */ = {
			isa = PBXFrameworksBuildPhase;
			buildActionMask = 2147483647;
			files = (
			);
			runOnlyForDeploymentPostprocessing = 0;
		};
/* End PBXFrameworksBuildPhase section */

/* Begin PBXGroup section */
		44FD4BC42A9B4055002DC476 = {
			isa = PBXGroup;
			children = (
				44FD4BCF2A9B4055002DC476 /* MediaViewer */,
				44FD4BE12A9B4058002DC476 /* MediaViewerTests */,
				44FD4BEB2A9B4058002DC476 /* MediaViewerUITests */,
				44FD4BCE2A9B4055002DC476 /* Products */,
			);
			sourceTree = "<group>";
		};
		44FD4BCE2A9B4055002DC476 /* Products */ = {
			isa = PBXGroup;
			children = (
				44FD4BCD2A9B4055002DC476 /* MediaViewer.app */,
				44FD4BDE2A9B4058002DC476 /* MediaViewerTests.xctest */,
				44FD4BE82A9B4058002DC476 /* MediaViewerUITests.xctest */,
			);
			name = Products;
			sourceTree = "<group>";
		};
		44FD4BCF2A9B4055002DC476 /* MediaViewer */ = {
			isa = PBXGroup;
			children = (
				44FD4C052A9B4513002DC476 /* Info.plist */,
				44FD4C012A9B4334002DC476 /* AppFlows */,
				44FD4BFB2A9B421F002DC476 /* AppDelegate.swift */,
				44FD4BFD2A9B424E002DC476 /* SceneDelegate.swift */,
				44FD4BFF2A9B427A002DC476 /* ApplicationController.swift */,
				44FD4BD22A9B4055002DC476 /* ContentView.swift */,
				44FD4BD42A9B4058002DC476 /* Assets.xcassets */,
				44FD4BD62A9B4058002DC476 /* MediaViewer.entitlements */,
				44FD4BD72A9B4058002DC476 /* Preview Content */,
			);
			path = MediaViewer;
			sourceTree = "<group>";
		};
		44FD4BD72A9B4058002DC476 /* Preview Content */ = {
			isa = PBXGroup;
			children = (
				44FD4BD82A9B4058002DC476 /* Preview Assets.xcassets */,
			);
			path = "Preview Content";
			sourceTree = "<group>";
		};
		44FD4BE12A9B4058002DC476 /* MediaViewerTests */ = {
			isa = PBXGroup;
			children = (
				44FD4BE22A9B4058002DC476 /* MediaViewerTests.swift */,
			);
			path = MediaViewerTests;
			sourceTree = "<group>";
		};
		44FD4BEB2A9B4058002DC476 /* MediaViewerUITests */ = {
			isa = PBXGroup;
			children = (
				44FD4BEC2A9B4058002DC476 /* MediaViewerUITests.swift */,
				44FD4BEE2A9B4058002DC476 /* MediaViewerUITestsLaunchTests.swift */,
			);
			path = MediaViewerUITests;
			sourceTree = "<group>";
		};
		44FD4C012A9B4334002DC476 /* AppFlows */ = {
			isa = PBXGroup;
			children = (
				44FD4C022A9B4340002DC476 /* Start */,
			);
			path = AppFlows;
			sourceTree = "<group>";
		};
		44FD4C022A9B4340002DC476 /* Start */ = {
			isa = PBXGroup;
			children = (
				44FD4C032A9B434F002DC476 /* StartFlowCoordinator.swift */,
			);
			path = Start;
			sourceTree = "<group>";
		};
/* End PBXGroup section */

/* Begin PBXNativeTarget section */
		44FD4BCC2A9B4055002DC476 /* MediaViewer */ = {
			isa = PBXNativeTarget;
			buildConfigurationList = 44FD4BF22A9B4058002DC476 /* Build configuration list for PBXNativeTarget "MediaViewer" */;
			buildPhases = (
				44FD4BC92A9B4055002DC476 /* Sources */,
				44FD4BCA2A9B4055002DC476 /* Frameworks */,
				44FD4BCB2A9B4055002DC476 /* Resources */,
			);
			buildRules = (
			);
			dependencies = (
			);
			name = MediaViewer;
			productName = MediaViewer;
			productReference = 44FD4BCD2A9B4055002DC476 /* MediaViewer.app */;
			productType = "com.apple.product-type.application";
		};
		44FD4BDD2A9B4058002DC476 /* MediaViewerTests */ = {
			isa = PBXNativeTarget;
			buildConfigurationList = 44FD4BF52A9B4058002DC476 /* Build configuration list for PBXNativeTarget "MediaViewerTests" */;
			buildPhases = (
				44FD4BDA2A9B4058002DC476 /* Sources */,
				44FD4BDB2A9B4058002DC476 /* Frameworks */,
				44FD4BDC2A9B4058002DC476 /* Resources */,
			);
			buildRules = (
			);
			dependencies = (
				44FD4BE02A9B4058002DC476 /* PBXTargetDependency */,
			);
			name = MediaViewerTests;
			productName = MediaViewerTests;
			productReference = 44FD4BDE2A9B4058002DC476 /* MediaViewerTests.xctest */;
			productType = "com.apple.product-type.bundle.unit-test";
		};
		44FD4BE72A9B4058002DC476 /* MediaViewerUITests */ = {
			isa = PBXNativeTarget;
			buildConfigurationList = 44FD4BF82A9B4058002DC476 /* Build configuration list for PBXNativeTarget "MediaViewerUITests" */;
			buildPhases = (
				44FD4BE42A9B4058002DC476 /* Sources */,
				44FD4BE52A9B4058002DC476 /* Frameworks */,
				44FD4BE62A9B4058002DC476 /* Resources */,
			);
			buildRules = (
			);
			dependencies = (
				44FD4BEA2A9B4058002DC476 /* PBXTargetDependency */,
			);
			name = MediaViewerUITests;
			productName = MediaViewerUITests;
			productReference = 44FD4BE82A9B4058002DC476 /* MediaViewerUITests.xctest */;
			productType = "com.apple.product-type.bundle.ui-testing";
		};
/* End PBXNativeTarget section */

/* Begin PBXProject section */
		44FD4BC52A9B4055002DC476 /* Project object */ = {
			isa = PBXProject;
			attributes = {
				BuildIndependentTargetsInParallel = 1;
				LastSwiftUpdateCheck = 1500;
				LastUpgradeCheck = 1500;
				TargetAttributes = {
					44FD4BCC2A9B4055002DC476 = {
						CreatedOnToolsVersion = 15.0;
					};
					44FD4BDD2A9B4058002DC476 = {
						CreatedOnToolsVersion = 15.0;
						TestTargetID = 44FD4BCC2A9B4055002DC476;
					};
					44FD4BE72A9B4058002DC476 = {
						CreatedOnToolsVersion = 15.0;
						TestTargetID = 44FD4BCC2A9B4055002DC476;
					};
				};
			};
			buildConfigurationList = 44FD4BC82A9B4055002DC476 /* Build configuration list for PBXProject "MediaViewer" */;
			compatibilityVersion = "Xcode 14.0";
			developmentRegion = en;
			hasScannedForEncodings = 0;
			knownRegions = (
				en,
				Base,
			);
			mainGroup = 44FD4BC42A9B4055002DC476;
			productRefGroup = 44FD4BCE2A9B4055002DC476 /* Products */;
			projectDirPath = "";
			projectRoot = "";
			targets = (
				44FD4BCC2A9B4055002DC476 /* MediaViewer */,
				44FD4BDD2A9B4058002DC476 /* MediaViewerTests */,
				44FD4BE72A9B4058002DC476 /* MediaViewerUITests */,
			);
		};
/* End PBXProject section */

/* Begin PBXResourcesBuildPhase section */
		44FD4BCB2A9B4055002DC476 /* Resources */ = {
			isa = PBXResourcesBuildPhase;
			buildActionMask = 2147483647;
			files = (
				44FD4BD92A9B4058002DC476 /* Preview Assets.xcassets in Resources */,
				44FD4BD52A9B4058002DC476 /* Assets.xcassets in Resources */,
			);
			runOnlyForDeploymentPostprocessing = 0;
		};
		44FD4BDC2A9B4058002DC476 /* Resources */ = {
			isa = PBXResourcesBuildPhase;
			buildActionMask = 2147483647;
			files = (
			);
			runOnlyForDeploymentPostprocessing = 0;
		};
		44FD4BE62A9B4058002DC476 /* Resources */ = {
			isa = PBXResourcesBuildPhase;
			buildActionMask = 2147483647;
			files = (
			);
			runOnlyForDeploymentPostprocessing = 0;
		};
/* End PBXResourcesBuildPhase section */

/* Begin PBXSourcesBuildPhase section */
		44FD4BC92A9B4055002DC476 /* Sources */ = {
			isa = PBXSourcesBuildPhase;
			buildActionMask = 2147483647;
			files = (
				44FD4BFC2A9B421F002DC476 /* AppDelegate.swift in Sources */,
				44FD4BD32A9B4055002DC476 /* ContentView.swift in Sources */,
				44FD4C042A9B434F002DC476 /* StartFlowCoordinator.swift in Sources */,
				44FD4BFE2A9B424E002DC476 /* SceneDelegate.swift in Sources */,
				44FD4C002A9B427A002DC476 /* ApplicationController.swift in Sources */,
			);
			runOnlyForDeploymentPostprocessing = 0;
		};
		44FD4BDA2A9B4058002DC476 /* Sources */ = {
			isa = PBXSourcesBuildPhase;
			buildActionMask = 2147483647;
			files = (
				44FD4BE32A9B4058002DC476 /* MediaViewerTests.swift in Sources */,
			);
			runOnlyForDeploymentPostprocessing = 0;
		};
		44FD4BE42A9B4058002DC476 /* Sources */ = {
			isa = PBXSourcesBuildPhase;
			buildActionMask = 2147483647;
			files = (
				44FD4BED2A9B4058002DC476 /* MediaViewerUITests.swift in Sources */,
				44FD4BEF2A9B4058002DC476 /* MediaViewerUITestsLaunchTests.swift in Sources */,
			);
			runOnlyForDeploymentPostprocessing = 0;
		};
/* End PBXSourcesBuildPhase section */

/* Begin PBXTargetDependency section */
		44FD4BE02A9B4058002DC476 /* PBXTargetDependency */ = {
			isa = PBXTargetDependency;
			target = 44FD4BCC2A9B4055002DC476 /* MediaViewer */;
			targetProxy = 44FD4BDF2A9B4058002DC476 /* PBXContainerItemProxy */;
		};
		44FD4BEA2A9B4058002DC476 /* PBXTargetDependency */ = {
			isa = PBXTargetDependency;
			target = 44FD4BCC2A9B4055002DC476 /* MediaViewer */;
			targetProxy = 44FD4BE92A9B4058002DC476 /* PBXContainerItemProxy */;
		};
/* End PBXTargetDependency section */

/* Begin XCBuildConfiguration section */
		44FD4BF02A9B4058002DC476 /* Debug */ = {
			isa = XCBuildConfiguration;
			buildSettings = {
				ALWAYS_SEARCH_USER_PATHS = NO;
				ASSETCATALOG_COMPILER_GENERATE_SWIFT_ASSET_SYMBOL_EXTENSIONS = YES;
				CLANG_ANALYZER_NONNULL = YES;
				CLANG_ANALYZER_NUMBER_OBJECT_CONVERSION = YES_AGGRESSIVE;
				CLANG_CXX_LANGUAGE_STANDARD = "gnu++20";
				CLANG_ENABLE_MODULES = YES;
				CLANG_ENABLE_OBJC_ARC = YES;
				CLANG_ENABLE_OBJC_WEAK = YES;
				CLANG_WARN_BLOCK_CAPTURE_AUTORELEASING = YES;
				CLANG_WARN_BOOL_CONVERSION = YES;
				CLANG_WARN_COMMA = YES;
				CLANG_WARN_CONSTANT_CONVERSION = YES;
				CLANG_WARN_DEPRECATED_OBJC_IMPLEMENTATIONS = YES;
				CLANG_WARN_DIRECT_OBJC_ISA_USAGE = YES_ERROR;
				CLANG_WARN_DOCUMENTATION_COMMENTS = YES;
				CLANG_WARN_EMPTY_BODY = YES;
				CLANG_WARN_ENUM_CONVERSION = YES;
				CLANG_WARN_INFINITE_RECURSION = YES;
				CLANG_WARN_INT_CONVERSION = YES;
				CLANG_WARN_NON_LITERAL_NULL_CONVERSION = YES;
				CLANG_WARN_OBJC_IMPLICIT_RETAIN_SELF = YES;
				CLANG_WARN_OBJC_LITERAL_CONVERSION = YES;
				CLANG_WARN_OBJC_ROOT_CLASS = YES_ERROR;
				CLANG_WARN_QUOTED_INCLUDE_IN_FRAMEWORK_HEADER = YES;
				CLANG_WARN_RANGE_LOOP_ANALYSIS = YES;
				CLANG_WARN_STRICT_PROTOTYPES = YES;
				CLANG_WARN_SUSPICIOUS_MOVE = YES;
				CLANG_WARN_UNGUARDED_AVAILABILITY = YES_AGGRESSIVE;
				CLANG_WARN_UNREACHABLE_CODE = YES;
				CLANG_WARN__DUPLICATE_METHOD_MATCH = YES;
				COPY_PHASE_STRIP = NO;
				DEBUG_INFORMATION_FORMAT = dwarf;
				ENABLE_STRICT_OBJC_MSGSEND = YES;
				ENABLE_TESTABILITY = YES;
				ENABLE_USER_SCRIPT_SANDBOXING = YES;
				GCC_C_LANGUAGE_STANDARD = gnu17;
				GCC_DYNAMIC_NO_PIC = NO;
				GCC_NO_COMMON_BLOCKS = YES;
				GCC_OPTIMIZATION_LEVEL = 0;
				GCC_PREPROCESSOR_DEFINITIONS = (
					"DEBUG=1",
					"$(inherited)",
				);
				GCC_WARN_64_TO_32_BIT_CONVERSION = YES;
				GCC_WARN_ABOUT_RETURN_TYPE = YES_ERROR;
				GCC_WARN_UNDECLARED_SELECTOR = YES;
				GCC_WARN_UNINITIALIZED_AUTOS = YES_AGGRESSIVE;
				GCC_WARN_UNUSED_FUNCTION = YES;
				GCC_WARN_UNUSED_VARIABLE = YES;
				LOCALIZATION_PREFERS_STRING_CATALOGS = YES;
				MTL_ENABLE_DEBUG_INFO = INCLUDE_SOURCE;
				MTL_FAST_MATH = YES;
				ONLY_ACTIVE_ARCH = YES;
				SWIFT_ACTIVE_COMPILATION_CONDITIONS = "DEBUG $(inherited)";
				SWIFT_OPTIMIZATION_LEVEL = "-Onone";
			};
			name = Debug;
		};
		44FD4BF12A9B4058002DC476 /* Release */ = {
			isa = XCBuildConfiguration;
			buildSettings = {
				ALWAYS_SEARCH_USER_PATHS = NO;
				ASSETCATALOG_COMPILER_GENERATE_SWIFT_ASSET_SYMBOL_EXTENSIONS = YES;
				CLANG_ANALYZER_NONNULL = YES;
				CLANG_ANALYZER_NUMBER_OBJECT_CONVERSION = YES_AGGRESSIVE;
				CLANG_CXX_LANGUAGE_STANDARD = "gnu++20";
				CLANG_ENABLE_MODULES = YES;
				CLANG_ENABLE_OBJC_ARC = YES;
				CLANG_ENABLE_OBJC_WEAK = YES;
				CLANG_WARN_BLOCK_CAPTURE_AUTORELEASING = YES;
				CLANG_WARN_BOOL_CONVERSION = YES;
				CLANG_WARN_COMMA = YES;
				CLANG_WARN_CONSTANT_CONVERSION = YES;
				CLANG_WARN_DEPRECATED_OBJC_IMPLEMENTATIONS = YES;
				CLANG_WARN_DIRECT_OBJC_ISA_USAGE = YES_ERROR;
				CLANG_WARN_DOCUMENTATION_COMMENTS = YES;
				CLANG_WARN_EMPTY_BODY = YES;
				CLANG_WARN_ENUM_CONVERSION = YES;
				CLANG_WARN_INFINITE_RECURSION = YES;
				CLANG_WARN_INT_CONVERSION = YES;
				CLANG_WARN_NON_LITERAL_NULL_CONVERSION = YES;
				CLANG_WARN_OBJC_IMPLICIT_RETAIN_SELF = YES;
				CLANG_WARN_OBJC_LITERAL_CONVERSION = YES;
				CLANG_WARN_OBJC_ROOT_CLASS = YES_ERROR;
				CLANG_WARN_QUOTED_INCLUDE_IN_FRAMEWORK_HEADER = YES;
				CLANG_WARN_RANGE_LOOP_ANALYSIS = YES;
				CLANG_WARN_STRICT_PROTOTYPES = YES;
				CLANG_WARN_SUSPICIOUS_MOVE = YES;
				CLANG_WARN_UNGUARDED_AVAILABILITY = YES_AGGRESSIVE;
				CLANG_WARN_UNREACHABLE_CODE = YES;
				CLANG_WARN__DUPLICATE_METHOD_MATCH = YES;
				COPY_PHASE_STRIP = NO;
				DEBUG_INFORMATION_FORMAT = "dwarf-with-dsym";
				ENABLE_NS_ASSERTIONS = NO;
				ENABLE_STRICT_OBJC_MSGSEND = YES;
				ENABLE_USER_SCRIPT_SANDBOXING = YES;
				GCC_C_LANGUAGE_STANDARD = gnu17;
				GCC_NO_COMMON_BLOCKS = YES;
				GCC_WARN_64_TO_32_BIT_CONVERSION = YES;
				GCC_WARN_ABOUT_RETURN_TYPE = YES_ERROR;
				GCC_WARN_UNDECLARED_SELECTOR = YES;
				GCC_WARN_UNINITIALIZED_AUTOS = YES_AGGRESSIVE;
				GCC_WARN_UNUSED_FUNCTION = YES;
				GCC_WARN_UNUSED_VARIABLE = YES;
				LOCALIZATION_PREFERS_STRING_CATALOGS = YES;
				MTL_ENABLE_DEBUG_INFO = NO;
				MTL_FAST_MATH = YES;
				SWIFT_COMPILATION_MODE = wholemodule;
			};
			name = Release;
		};
		44FD4BF32A9B4058002DC476 /* Debug */ = {
			isa = XCBuildConfiguration;
			buildSettings = {
				ASSETCATALOG_COMPILER_APPICON_NAME = AppIcon;
				ASSETCATALOG_COMPILER_GLOBAL_ACCENT_COLOR_NAME = AccentColor;
				CODE_SIGN_ENTITLEMENTS = MediaViewer/MediaViewer.entitlements;
				CODE_SIGN_STYLE = Automatic;
				CURRENT_PROJECT_VERSION = 1;
				DEVELOPMENT_ASSET_PATHS = "\"MediaViewer/Preview Content\"";
				DEVELOPMENT_TEAM = 9DB8872T2A;
				ENABLE_HARDENED_RUNTIME = YES;
				ENABLE_PREVIEWS = YES;
				GENERATE_INFOPLIST_FILE = YES;
				INFOPLIST_FILE = MediaViewer/Info.plist;
				"INFOPLIST_KEY_UIApplicationSupportsIndirectInputEvents[sdk=iphoneos*]" = YES;
				"INFOPLIST_KEY_UIApplicationSupportsIndirectInputEvents[sdk=iphonesimulator*]" = YES;
				"INFOPLIST_KEY_UILaunchScreen_Generation[sdk=iphoneos*]" = YES;
				"INFOPLIST_KEY_UILaunchScreen_Generation[sdk=iphonesimulator*]" = YES;
				"INFOPLIST_KEY_UIStatusBarStyle[sdk=iphoneos*]" = UIStatusBarStyleDefault;
				"INFOPLIST_KEY_UIStatusBarStyle[sdk=iphonesimulator*]" = UIStatusBarStyleDefault;
				INFOPLIST_KEY_UISupportedInterfaceOrientations_iPad = "UIInterfaceOrientationPortrait UIInterfaceOrientationPortraitUpsideDown UIInterfaceOrientationLandscapeLeft UIInterfaceOrientationLandscapeRight";
				INFOPLIST_KEY_UISupportedInterfaceOrientations_iPhone = "UIInterfaceOrientationPortrait UIInterfaceOrientationLandscapeLeft UIInterfaceOrientationLandscapeRight";
				IPHONEOS_DEPLOYMENT_TARGET = 15.0;
				LD_RUNPATH_SEARCH_PATHS = "@executable_path/Frameworks";
				"LD_RUNPATH_SEARCH_PATHS[sdk=macosx*]" = "@executable_path/../Frameworks";
				MACOSX_DEPLOYMENT_TARGET = 13.4;
				MARKETING_VERSION = 1.0;
				PRODUCT_BUNDLE_IDENTIFIER = me.honcharenko.MediaViewer;
				PRODUCT_NAME = "$(TARGET_NAME)";
				SDKROOT = auto;
				SUPPORTED_PLATFORMS = "iphoneos iphonesimulator";
				SUPPORTS_MACCATALYST = NO;
				SWIFT_EMIT_LOC_STRINGS = YES;
				SWIFT_VERSION = 5.0;
				TARGETED_DEVICE_FAMILY = 1;
			};
			name = Debug;
		};
		44FD4BF42A9B4058002DC476 /* Release */ = {
			isa = XCBuildConfiguration;
			buildSettings = {
				ASSETCATALOG_COMPILER_APPICON_NAME = AppIcon;
				ASSETCATALOG_COMPILER_GLOBAL_ACCENT_COLOR_NAME = AccentColor;
				CODE_SIGN_ENTITLEMENTS = MediaViewer/MediaViewer.entitlements;
				CODE_SIGN_STYLE = Automatic;
				CURRENT_PROJECT_VERSION = 1;
				DEVELOPMENT_ASSET_PATHS = "\"MediaViewer/Preview Content\"";
				DEVELOPMENT_TEAM = 9DB8872T2A;
				ENABLE_HARDENED_RUNTIME = YES;
				ENABLE_PREVIEWS = YES;
				GENERATE_INFOPLIST_FILE = YES;
				INFOPLIST_FILE = MediaViewer/Info.plist;
				"INFOPLIST_KEY_UIApplicationSupportsIndirectInputEvents[sdk=iphoneos*]" = YES;
				"INFOPLIST_KEY_UIApplicationSupportsIndirectInputEvents[sdk=iphonesimulator*]" = YES;
				"INFOPLIST_KEY_UILaunchScreen_Generation[sdk=iphoneos*]" = YES;
				"INFOPLIST_KEY_UILaunchScreen_Generation[sdk=iphonesimulator*]" = YES;
				"INFOPLIST_KEY_UIStatusBarStyle[sdk=iphoneos*]" = UIStatusBarStyleDefault;
				"INFOPLIST_KEY_UIStatusBarStyle[sdk=iphonesimulator*]" = UIStatusBarStyleDefault;
				INFOPLIST_KEY_UISupportedInterfaceOrientations_iPad = "UIInterfaceOrientationPortrait UIInterfaceOrientationPortraitUpsideDown UIInterfaceOrientationLandscapeLeft UIInterfaceOrientationLandscapeRight";
				INFOPLIST_KEY_UISupportedInterfaceOrientations_iPhone = "UIInterfaceOrientationPortrait UIInterfaceOrientationLandscapeLeft UIInterfaceOrientationLandscapeRight";
				IPHONEOS_DEPLOYMENT_TARGET = 15.0;
				LD_RUNPATH_SEARCH_PATHS = "@executable_path/Frameworks";
				"LD_RUNPATH_SEARCH_PATHS[sdk=macosx*]" = "@executable_path/../Frameworks";
				MACOSX_DEPLOYMENT_TARGET = 13.4;
				MARKETING_VERSION = 1.0;
				PRODUCT_BUNDLE_IDENTIFIER = me.honcharenko.MediaViewer;
				PRODUCT_NAME = "$(TARGET_NAME)";
				SDKROOT = auto;
				SUPPORTED_PLATFORMS = "iphoneos iphonesimulator";
				SUPPORTS_MACCATALYST = NO;
				SWIFT_EMIT_LOC_STRINGS = YES;
				SWIFT_VERSION = 5.0;
				TARGETED_DEVICE_FAMILY = 1;
			};
			name = Release;
		};
		44FD4BF62A9B4058002DC476 /* Debug */ = {
			isa = XCBuildConfiguration;
			buildSettings = {
				ALWAYS_EMBED_SWIFT_STANDARD_LIBRARIES = YES;
				BUNDLE_LOADER = "$(TEST_HOST)";
				CODE_SIGN_STYLE = Automatic;
				CURRENT_PROJECT_VERSION = 1;
				DEVELOPMENT_TEAM = 9DB8872T2A;
				GENERATE_INFOPLIST_FILE = YES;
				IPHONEOS_DEPLOYMENT_TARGET = 17.0;
				MACOSX_DEPLOYMENT_TARGET = 13.4;
				MARKETING_VERSION = 1.0;
				PRODUCT_BUNDLE_IDENTIFIER = me.honcharenko.MediaViewerTests;
				PRODUCT_NAME = "$(TARGET_NAME)";
				SDKROOT = auto;
				SUPPORTED_PLATFORMS = "iphoneos iphonesimulator macosx";
				SWIFT_EMIT_LOC_STRINGS = NO;
				SWIFT_VERSION = 5.0;
				TARGETED_DEVICE_FAMILY = "1,2";
				TEST_HOST = "$(BUILT_PRODUCTS_DIR)/MediaViewer.app/$(BUNDLE_EXECUTABLE_FOLDER_PATH)/MediaViewer";
			};
			name = Debug;
		};
		44FD4BF72A9B4058002DC476 /* Release */ = {
			isa = XCBuildConfiguration;
			buildSettings = {
				ALWAYS_EMBED_SWIFT_STANDARD_LIBRARIES = YES;
				BUNDLE_LOADER = "$(TEST_HOST)";
				CODE_SIGN_STYLE = Automatic;
				CURRENT_PROJECT_VERSION = 1;
				DEVELOPMENT_TEAM = 9DB8872T2A;
				GENERATE_INFOPLIST_FILE = YES;
				IPHONEOS_DEPLOYMENT_TARGET = 17.0;
				MACOSX_DEPLOYMENT_TARGET = 13.4;
				MARKETING_VERSION = 1.0;
				PRODUCT_BUNDLE_IDENTIFIER = me.honcharenko.MediaViewerTests;
				PRODUCT_NAME = "$(TARGET_NAME)";
				SDKROOT = auto;
				SUPPORTED_PLATFORMS = "iphoneos iphonesimulator macosx";
				SWIFT_EMIT_LOC_STRINGS = NO;
				SWIFT_VERSION = 5.0;
				TARGETED_DEVICE_FAMILY = "1,2";
				TEST_HOST = "$(BUILT_PRODUCTS_DIR)/MediaViewer.app/$(BUNDLE_EXECUTABLE_FOLDER_PATH)/MediaViewer";
			};
			name = Release;
		};
		44FD4BF92A9B4058002DC476 /* Debug */ = {
			isa = XCBuildConfiguration;
			buildSettings = {
				ALWAYS_EMBED_SWIFT_STANDARD_LIBRARIES = YES;
				CODE_SIGN_STYLE = Automatic;
				CURRENT_PROJECT_VERSION = 1;
				DEVELOPMENT_TEAM = 9DB8872T2A;
				GENERATE_INFOPLIST_FILE = YES;
				IPHONEOS_DEPLOYMENT_TARGET = 17.0;
				MACOSX_DEPLOYMENT_TARGET = 13.4;
				MARKETING_VERSION = 1.0;
				PRODUCT_BUNDLE_IDENTIFIER = me.honcharenko.MediaViewerUITests;
				PRODUCT_NAME = "$(TARGET_NAME)";
				SDKROOT = auto;
				SUPPORTED_PLATFORMS = "iphoneos iphonesimulator macosx";
				SWIFT_EMIT_LOC_STRINGS = NO;
				SWIFT_VERSION = 5.0;
				TARGETED_DEVICE_FAMILY = "1,2";
				TEST_TARGET_NAME = MediaViewer;
			};
			name = Debug;
		};
		44FD4BFA2A9B4058002DC476 /* Release */ = {
			isa = XCBuildConfiguration;
			buildSettings = {
				ALWAYS_EMBED_SWIFT_STANDARD_LIBRARIES = YES;
				CODE_SIGN_STYLE = Automatic;
				CURRENT_PROJECT_VERSION = 1;
				DEVELOPMENT_TEAM = 9DB8872T2A;
				GENERATE_INFOPLIST_FILE = YES;
				IPHONEOS_DEPLOYMENT_TARGET = 17.0;
				MACOSX_DEPLOYMENT_TARGET = 13.4;
				MARKETING_VERSION = 1.0;
				PRODUCT_BUNDLE_IDENTIFIER = me.honcharenko.MediaViewerUITests;
				PRODUCT_NAME = "$(TARGET_NAME)";
				SDKROOT = auto;
				SUPPORTED_PLATFORMS = "iphoneos iphonesimulator macosx";
				SWIFT_EMIT_LOC_STRINGS = NO;
				SWIFT_VERSION = 5.0;
				TARGETED_DEVICE_FAMILY = "1,2";
				TEST_TARGET_NAME = MediaViewer;
			};
			name = Release;
		};
/* End XCBuildConfiguration section */

/* Begin XCConfigurationList section */
		44FD4BC82A9B4055002DC476 /* Build configuration list for PBXProject "MediaViewer" */ = {
			isa = XCConfigurationList;
			buildConfigurations = (
				44FD4BF02A9B4058002DC476 /* Debug */,
				44FD4BF12A9B4058002DC476 /* Release */,
			);
			defaultConfigurationIsVisible = 0;
			defaultConfigurationName = Release;
		};
		44FD4BF22A9B4058002DC476 /* Build configuration list for PBXNativeTarget "MediaViewer" */ = {
			isa = XCConfigurationList;
			buildConfigurations = (
				44FD4BF32A9B4058002DC476 /* Debug */,
				44FD4BF42A9B4058002DC476 /* Release */,
			);
			defaultConfigurationIsVisible = 0;
			defaultConfigurationName = Release;
		};
		44FD4BF52A9B4058002DC476 /* Build configuration list for PBXNativeTarget "MediaViewerTests" */ = {
			isa = XCConfigurationList;
			buildConfigurations = (
				44FD4BF62A9B4058002DC476 /* Debug */,
				44FD4BF72A9B4058002DC476 /* Release */,
			);
			defaultConfigurationIsVisible = 0;
			defaultConfigurationName = Release;
		};
		44FD4BF82A9B4058002DC476 /* Build configuration list for PBXNativeTarget "MediaViewerUITests" */ = {
			isa = XCConfigurationList;
			buildConfigurations = (
				44FD4BF92A9B4058002DC476 /* Debug */,
				44FD4BFA2A9B4058002DC476 /* Release */,
			);
			defaultConfigurationIsVisible = 0;
			defaultConfigurationName = Release;
		};
/* End XCConfigurationList section */
	};
	rootObject = 44FD4BC52A9B4055002DC476 /* Project object */;
}
